// !$*UTF8*$!
{
	archiveVersion = 1;
	classes = {
	};
	objectVersion = 50;
	objects = {

/* Begin PBXBuildFile section */
		2F20E53A25402FE500AFF548 /* AnimalListViewController.swift in Sources */ = {isa = PBXBuildFile; fileRef = 2F20E53925402FE500AFF548 /* AnimalListViewController.swift */; };
		2F20E5482540368F00AFF548 /* AnimalDetailViewController.swift in Sources */ = {isa = PBXBuildFile; fileRef = 2F20E5472540368F00AFF548 /* AnimalDetailViewController.swift */; };
		2F20E54C254037BC00AFF548 /* AnimalDetailView.xib in Resources */ = {isa = PBXBuildFile; fileRef = 2F20E54B254037BC00AFF548 /* AnimalDetailView.xib */; };
		2F4EDA8D253C3BFC00C5839C /* AppDelegate.swift in Sources */ = {isa = PBXBuildFile; fileRef = 2F4EDA8C253C3BFC00C5839C /* AppDelegate.swift */; };
		2F4EDA96253C3BFD00C5839C /* Assets.xcassets in Resources */ = {isa = PBXBuildFile; fileRef = 2F4EDA95253C3BFD00C5839C /* Assets.xcassets */; };
		2F4EDA99253C3BFD00C5839C /* LaunchScreen.storyboard in Resources */ = {isa = PBXBuildFile; fileRef = 2F4EDA97253C3BFD00C5839C /* LaunchScreen.storyboard */; };
		2F4EDAE0253EF93000C5839C /* PickByCoordinateViewController.swift in Sources */ = {isa = PBXBuildFile; fileRef = 2F4EDADF253EF93000C5839C /* PickByCoordinateViewController.swift */; };
		2F4EDAE4253EF95000C5839C /* PickByCoordinateViewControllerTest.swift in Sources */ = {isa = PBXBuildFile; fileRef = 2F4EDAE3253EF95000C5839C /* PickByCoordinateViewControllerTest.swift */; };
		2F4EDAF0253FFF7400C5839C /* PickByCoordinateView.xib in Resources */ = {isa = PBXBuildFile; fileRef = 2F4EDAEF253FFF7300C5839C /* PickByCoordinateView.xib */; };
		2F4EDAF42540025400C5839C /* PickCoordinateUseCase.swift in Sources */ = {isa = PBXBuildFile; fileRef = 2F4EDAF32540025400C5839C /* PickCoordinateUseCase.swift */; };
		2F4EDAF82540039500C5839C /* Animal.swift in Sources */ = {isa = PBXBuildFile; fileRef = 2F4EDAF72540039500C5839C /* Animal.swift */; };
		2F4EDAFC254007BE00C5839C /* GBIFManager.swift in Sources */ = {isa = PBXBuildFile; fileRef = 2F4EDAFB254007BE00C5839C /* GBIFManager.swift */; };
		2F4EDB0025401A1000C5839C /* Router.swift in Sources */ = {isa = PBXBuildFile; fileRef = 2F4EDAFF25401A1000C5839C /* Router.swift */; };
/* End PBXBuildFile section */

/* Begin PBXContainerItemProxy section */
		2F4EDAD4253E100000C5839C /* PBXContainerItemProxy */ = {
			isa = PBXContainerItemProxy;
			containerPortal = 2F4EDA81253C3BFC00C5839C /* Project object */;
			proxyType = 1;
			remoteGlobalIDString = 2F4EDA88253C3BFC00C5839C;
			remoteInfo = fishapp;
		};
/* End PBXContainerItemProxy section */

/* Begin PBXFileReference section */
		2F20E53925402FE500AFF548 /* AnimalListViewController.swift */ = {isa = PBXFileReference; lastKnownFileType = sourcecode.swift; path = AnimalListViewController.swift; sourceTree = "<group>"; };
		2F20E5472540368F00AFF548 /* AnimalDetailViewController.swift */ = {isa = PBXFileReference; lastKnownFileType = sourcecode.swift; path = AnimalDetailViewController.swift; sourceTree = "<group>"; };
		2F20E54B254037BC00AFF548 /* AnimalDetailView.xib */ = {isa = PBXFileReference; lastKnownFileType = file.xib; path = AnimalDetailView.xib; sourceTree = "<group>"; };
		2F4EDA89253C3BFC00C5839C /* fishapp.app */ = {isa = PBXFileReference; explicitFileType = wrapper.application; includeInIndex = 0; path = fishapp.app; sourceTree = BUILT_PRODUCTS_DIR; };
		2F4EDA8C253C3BFC00C5839C /* AppDelegate.swift */ = {isa = PBXFileReference; lastKnownFileType = sourcecode.swift; path = AppDelegate.swift; sourceTree = "<group>"; };
		2F4EDA95253C3BFD00C5839C /* Assets.xcassets */ = {isa = PBXFileReference; lastKnownFileType = folder.assetcatalog; path = Assets.xcassets; sourceTree = "<group>"; };
		2F4EDA98253C3BFD00C5839C /* Base */ = {isa = PBXFileReference; lastKnownFileType = file.storyboard; name = Base; path = Base.lproj/LaunchScreen.storyboard; sourceTree = "<group>"; };
		2F4EDA9A253C3BFD00C5839C /* Info.plist */ = {isa = PBXFileReference; lastKnownFileType = text.plist.xml; path = Info.plist; sourceTree = "<group>"; };
		2F4EDACF253E100000C5839C /* fishappTests.xctest */ = {isa = PBXFileReference; explicitFileType = wrapper.cfbundle; includeInIndex = 0; path = fishappTests.xctest; sourceTree = BUILT_PRODUCTS_DIR; };
		2F4EDAD3253E100000C5839C /* Info.plist */ = {isa = PBXFileReference; lastKnownFileType = text.plist.xml; path = Info.plist; sourceTree = "<group>"; };
		2F4EDADF253EF93000C5839C /* PickByCoordinateViewController.swift */ = {isa = PBXFileReference; lastKnownFileType = sourcecode.swift; path = PickByCoordinateViewController.swift; sourceTree = "<group>"; };
		2F4EDAE3253EF95000C5839C /* PickByCoordinateViewControllerTest.swift */ = {isa = PBXFileReference; lastKnownFileType = sourcecode.swift; path = PickByCoordinateViewControllerTest.swift; sourceTree = "<group>"; };
		2F4EDAEF253FFF7300C5839C /* PickByCoordinateView.xib */ = {isa = PBXFileReference; lastKnownFileType = file.xib; path = PickByCoordinateView.xib; sourceTree = "<group>"; };
		2F4EDAF32540025400C5839C /* PickCoordinateUseCase.swift */ = {isa = PBXFileReference; lastKnownFileType = sourcecode.swift; path = PickCoordinateUseCase.swift; sourceTree = "<group>"; };
		2F4EDAF72540039500C5839C /* Animal.swift */ = {isa = PBXFileReference; lastKnownFileType = sourcecode.swift; path = Animal.swift; sourceTree = "<group>"; };
		2F4EDAFB254007BE00C5839C /* GBIFManager.swift */ = {isa = PBXFileReference; lastKnownFileType = sourcecode.swift; path = GBIFManager.swift; sourceTree = "<group>"; };
		2F4EDAFF25401A1000C5839C /* Router.swift */ = {isa = PBXFileReference; lastKnownFileType = sourcecode.swift; path = Router.swift; sourceTree = "<group>"; };
/* End PBXFileReference section */

/* Begin PBXFrameworksBuildPhase section */
		2F4EDA86253C3BFC00C5839C /* Frameworks */ = {
			isa = PBXFrameworksBuildPhase;
			buildActionMask = 2147483647;
			files = (
			);
			runOnlyForDeploymentPostprocessing = 0;
		};
		2F4EDACC253E100000C5839C /* Frameworks */ = {
			isa = PBXFrameworksBuildPhase;
			buildActionMask = 2147483647;
			files = (
			);
			runOnlyForDeploymentPostprocessing = 0;
		};
/* End PBXFrameworksBuildPhase section */

/* Begin PBXGroup section */
		2F20E53225402EB300AFF548 /* Main */ = {
			isa = PBXGroup;
			children = (
				2F4EDAFF25401A1000C5839C /* Router.swift */,
				2F4EDA8C253C3BFC00C5839C /* AppDelegate.swift */,
			);
			path = Main;
			sourceTree = "<group>";
		};
		2F20E53325402ED300AFF548 /* Resources */ = {
			isa = PBXGroup;
			children = (
				2F4EDA9A253C3BFD00C5839C /* Info.plist */,
				2F4EDA97253C3BFD00C5839C /* LaunchScreen.storyboard */,
				2F4EDA95253C3BFD00C5839C /* Assets.xcassets */,
			);
			path = Resources;
			sourceTree = "<group>";
		};
		2F20E53425402EE700AFF548 /* Data */ = {
			isa = PBXGroup;
			children = (
				2F4EDAF72540039500C5839C /* Animal.swift */,
				2F4EDAFB254007BE00C5839C /* GBIFManager.swift */,
			);
			path = Data;
			sourceTree = "<group>";
		};
		2F20E53525402F2800AFF548 /* Domain */ = {
			isa = PBXGroup;
			children = (
				2F4EDAF32540025400C5839C /* PickCoordinateUseCase.swift */,
			);
			path = Domain;
			sourceTree = "<group>";
		};
		2F20E53625402F3300AFF548 /* Presentation */ = {
			isa = PBXGroup;
			children = (
				2F4EDADF253EF93000C5839C /* PickByCoordinateViewController.swift */,
				2F4EDAEF253FFF7300C5839C /* PickByCoordinateView.xib */,
				2F20E53925402FE500AFF548 /* AnimalListViewController.swift */,
				2F20E5472540368F00AFF548 /* AnimalDetailViewController.swift */,
				2F20E54B254037BC00AFF548 /* AnimalDetailView.xib */,
			);
			path = Presentation;
			sourceTree = "<group>";
		};
		2F4EDA80253C3BFC00C5839C = {
			isa = PBXGroup;
			children = (
				2F4EDA8B253C3BFC00C5839C /* fishapp */,
				2F4EDAD0253E100000C5839C /* fishappTests */,
				2F4EDA8A253C3BFC00C5839C /* Products */,
			);
			sourceTree = "<group>";
		};
		2F4EDA8A253C3BFC00C5839C /* Products */ = {
			isa = PBXGroup;
			children = (
				2F4EDA89253C3BFC00C5839C /* fishapp.app */,
				2F4EDACF253E100000C5839C /* fishappTests.xctest */,
			);
			name = Products;
			sourceTree = "<group>";
		};
		2F4EDA8B253C3BFC00C5839C /* fishapp */ = {
			isa = PBXGroup;
			children = (
				2F20E53625402F3300AFF548 /* Presentation */,
				2F20E53525402F2800AFF548 /* Domain */,
				2F20E53425402EE700AFF548 /* Data */,
				2F20E53225402EB300AFF548 /* Main */,
				2F20E53325402ED300AFF548 /* Resources */,
			);
			path = fishapp;
			sourceTree = "<group>";
		};
		2F4EDAD0253E100000C5839C /* fishappTests */ = {
			isa = PBXGroup;
			children = (
				2F4EDAD3253E100000C5839C /* Info.plist */,
				2F4EDAE3253EF95000C5839C /* PickByCoordinateViewControllerTest.swift */,
			);
			path = fishappTests;
			sourceTree = "<group>";
		};
/* End PBXGroup section */

/* Begin PBXNativeTarget section */
		2F4EDA88253C3BFC00C5839C /* fishapp */ = {
			isa = PBXNativeTarget;
			buildConfigurationList = 2F4EDA9D253C3BFD00C5839C /* Build configuration list for PBXNativeTarget "fishapp" */;
			buildPhases = (
				2F4EDA85253C3BFC00C5839C /* Sources */,
				2F4EDA86253C3BFC00C5839C /* Frameworks */,
				2F4EDA87253C3BFC00C5839C /* Resources */,
			);
			buildRules = (
			);
			dependencies = (
			);
			name = fishapp;
			productName = fishapp;
			productReference = 2F4EDA89253C3BFC00C5839C /* fishapp.app */;
			productType = "com.apple.product-type.application";
		};
		2F4EDACE253E100000C5839C /* fishappTests */ = {
			isa = PBXNativeTarget;
			buildConfigurationList = 2F4EDAD6253E100000C5839C /* Build configuration list for PBXNativeTarget "fishappTests" */;
			buildPhases = (
				2F4EDACB253E100000C5839C /* Sources */,
				2F4EDACC253E100000C5839C /* Frameworks */,
				2F4EDACD253E100000C5839C /* Resources */,
			);
			buildRules = (
			);
			dependencies = (
				2F4EDAD5253E100000C5839C /* PBXTargetDependency */,
			);
			name = fishappTests;
			productName = fishappTests;
			productReference = 2F4EDACF253E100000C5839C /* fishappTests.xctest */;
			productType = "com.apple.product-type.bundle.unit-test";
		};
/* End PBXNativeTarget section */

/* Begin PBXProject section */
		2F4EDA81253C3BFC00C5839C /* Project object */ = {
			isa = PBXProject;
			attributes = {
				LastSwiftUpdateCheck = 1200;
				LastUpgradeCheck = 1200;
				TargetAttributes = {
					2F4EDA88253C3BFC00C5839C = {
						CreatedOnToolsVersion = 12.0.1;
					};
					2F4EDACE253E100000C5839C = {
						CreatedOnToolsVersion = 12.0.1;
						TestTargetID = 2F4EDA88253C3BFC00C5839C;
					};
				};
			};
			buildConfigurationList = 2F4EDA84253C3BFC00C5839C /* Build configuration list for PBXProject "fishapp" */;
			compatibilityVersion = "Xcode 9.3";
			developmentRegion = en;
			hasScannedForEncodings = 0;
			knownRegions = (
				en,
				Base,
			);
			mainGroup = 2F4EDA80253C3BFC00C5839C;
			productRefGroup = 2F4EDA8A253C3BFC00C5839C /* Products */;
			projectDirPath = "";
			projectRoot = "";
			targets = (
				2F4EDA88253C3BFC00C5839C /* fishapp */,
				2F4EDACE253E100000C5839C /* fishappTests */,
			);
		};
/* End PBXProject section */

/* Begin PBXResourcesBuildPhase section */
		2F4EDA87253C3BFC00C5839C /* Resources */ = {
			isa = PBXResourcesBuildPhase;
			buildActionMask = 2147483647;
			files = (
				2F4EDAF0253FFF7400C5839C /* PickByCoordinateView.xib in Resources */,
				2F20E54C254037BC00AFF548 /* AnimalDetailView.xib in Resources */,
				2F4EDA99253C3BFD00C5839C /* LaunchScreen.storyboard in Resources */,
				2F4EDA96253C3BFD00C5839C /* Assets.xcassets in Resources */,
			);
			runOnlyForDeploymentPostprocessing = 0;
		};
		2F4EDACD253E100000C5839C /* Resources */ = {
			isa = PBXResourcesBuildPhase;
			buildActionMask = 2147483647;
			files = (
			);
			runOnlyForDeploymentPostprocessing = 0;
		};
/* End PBXResourcesBuildPhase section */

/* Begin PBXSourcesBuildPhase section */
		2F4EDA85253C3BFC00C5839C /* Sources */ = {
			isa = PBXSourcesBuildPhase;
			buildActionMask = 2147483647;
			files = (
				2F4EDA8D253C3BFC00C5839C /* AppDelegate.swift in Sources */,
				2F4EDAF82540039500C5839C /* Animal.swift in Sources */,
				2F20E53A25402FE500AFF548 /* AnimalListViewController.swift in Sources */,
				2F4EDAF42540025400C5839C /* PickCoordinateUseCase.swift in Sources */,
				2F4EDAE0253EF93000C5839C /* PickByCoordinateViewController.swift in Sources */,
				2F4EDB0025401A1000C5839C /* Router.swift in Sources */,
				2F20E5482540368F00AFF548 /* AnimalDetailViewController.swift in Sources */,
				2F4EDAFC254007BE00C5839C /* GBIFManager.swift in Sources */,
			);
			runOnlyForDeploymentPostprocessing = 0;
		};
		2F4EDACB253E100000C5839C /* Sources */ = {
			isa = PBXSourcesBuildPhase;
			buildActionMask = 2147483647;
			files = (
				2F4EDAE4253EF95000C5839C /* PickByCoordinateViewControllerTest.swift in Sources */,
			);
			runOnlyForDeploymentPostprocessing = 0;
		};
/* End PBXSourcesBuildPhase section */

/* Begin PBXTargetDependency section */
		2F4EDAD5253E100000C5839C /* PBXTargetDependency */ = {
			isa = PBXTargetDependency;
			target = 2F4EDA88253C3BFC00C5839C /* fishapp */;
			targetProxy = 2F4EDAD4253E100000C5839C /* PBXContainerItemProxy */;
		};
/* End PBXTargetDependency section */

/* Begin PBXVariantGroup section */
		2F4EDA97253C3BFD00C5839C /* LaunchScreen.storyboard */ = {
			isa = PBXVariantGroup;
			children = (
				2F4EDA98253C3BFD00C5839C /* Base */,
			);
			name = LaunchScreen.storyboard;
			sourceTree = "<group>";
		};
/* End PBXVariantGroup section */

/* Begin XCBuildConfiguration section */
		2F4EDA9B253C3BFD00C5839C /* Debug */ = {
			isa = XCBuildConfiguration;
			buildSettings = {
				ALWAYS_SEARCH_USER_PATHS = NO;
				CLANG_ANALYZER_NONNULL = YES;
				CLANG_ANALYZER_NUMBER_OBJECT_CONVERSION = YES_AGGRESSIVE;
				CLANG_CXX_LANGUAGE_STANDARD = "gnu++14";
				CLANG_CXX_LIBRARY = "libc++";
				CLANG_ENABLE_MODULES = YES;
				CLANG_ENABLE_OBJC_ARC = YES;
				CLANG_ENABLE_OBJC_WEAK = YES;
				CLANG_WARN_BLOCK_CAPTURE_AUTORELEASING = YES;
				CLANG_WARN_BOOL_CONVERSION = YES;
				CLANG_WARN_COMMA = YES;
				CLANG_WARN_CONSTANT_CONVERSION = YES;
				CLANG_WARN_DEPRECATED_OBJC_IMPLEMENTATIONS = YES;
				CLANG_WARN_DIRECT_OBJC_ISA_USAGE = YES_ERROR;
				CLANG_WARN_DOCUMENTATION_COMMENTS = YES;
				CLANG_WARN_EMPTY_BODY = YES;
				CLANG_WARN_ENUM_CONVERSION = YES;
				CLANG_WARN_INFINITE_RECURSION = YES;
				CLANG_WARN_INT_CONVERSION = YES;
				CLANG_WARN_NON_LITERAL_NULL_CONVERSION = YES;
				CLANG_WARN_OBJC_IMPLICIT_RETAIN_SELF = YES;
				CLANG_WARN_OBJC_LITERAL_CONVERSION = YES;
				CLANG_WARN_OBJC_ROOT_CLASS = YES_ERROR;
				CLANG_WARN_QUOTED_INCLUDE_IN_FRAMEWORK_HEADER = YES;
				CLANG_WARN_RANGE_LOOP_ANALYSIS = YES;
				CLANG_WARN_STRICT_PROTOTYPES = YES;
				CLANG_WARN_SUSPICIOUS_MOVE = YES;
				CLANG_WARN_UNGUARDED_AVAILABILITY = YES_AGGRESSIVE;
				CLANG_WARN_UNREACHABLE_CODE = YES;
				CLANG_WARN__DUPLICATE_METHOD_MATCH = YES;
				COPY_PHASE_STRIP = NO;
				DEBUG_INFORMATION_FORMAT = dwarf;
				ENABLE_STRICT_OBJC_MSGSEND = YES;
				ENABLE_TESTABILITY = YES;
				GCC_C_LANGUAGE_STANDARD = gnu11;
				GCC_DYNAMIC_NO_PIC = NO;
				GCC_NO_COMMON_BLOCKS = YES;
				GCC_OPTIMIZATION_LEVEL = 0;
				GCC_PREPROCESSOR_DEFINITIONS = (
					"DEBUG=1",
					"$(inherited)",
				);
				GCC_WARN_64_TO_32_BIT_CONVERSION = YES;
				GCC_WARN_ABOUT_RETURN_TYPE = YES_ERROR;
				GCC_WARN_UNDECLARED_SELECTOR = YES;
				GCC_WARN_UNINITIALIZED_AUTOS = YES_AGGRESSIVE;
				GCC_WARN_UNUSED_FUNCTION = YES;
				GCC_WARN_UNUSED_VARIABLE = YES;
				IPHONEOS_DEPLOYMENT_TARGET = 10;
				MTL_ENABLE_DEBUG_INFO = INCLUDE_SOURCE;
				MTL_FAST_MATH = YES;
				ONLY_ACTIVE_ARCH = YES;
				SDKROOT = iphoneos;
				SWIFT_ACTIVE_COMPILATION_CONDITIONS = DEBUG;
				SWIFT_OPTIMIZATION_LEVEL = "-Onone";
			};
			name = Debug;
		};
		2F4EDA9C253C3BFD00C5839C /* Release */ = {
			isa = XCBuildConfiguration;
			buildSettings = {
				ALWAYS_SEARCH_USER_PATHS = NO;
				CLANG_ANALYZER_NONNULL = YES;
				CLANG_ANALYZER_NUMBER_OBJECT_CONVERSION = YES_AGGRESSIVE;
				CLANG_CXX_LANGUAGE_STANDARD = "gnu++14";
				CLANG_CXX_LIBRARY = "libc++";
				CLANG_ENABLE_MODULES = YES;
				CLANG_ENABLE_OBJC_ARC = YES;
				CLANG_ENABLE_OBJC_WEAK = YES;
				CLANG_WARN_BLOCK_CAPTURE_AUTORELEASING = YES;
				CLANG_WARN_BOOL_CONVERSION = YES;
				CLANG_WARN_COMMA = YES;
				CLANG_WARN_CONSTANT_CONVERSION = YES;
				CLANG_WARN_DEPRECATED_OBJC_IMPLEMENTATIONS = YES;
				CLANG_WARN_DIRECT_OBJC_ISA_USAGE = YES_ERROR;
				CLANG_WARN_DOCUMENTATION_COMMENTS = YES;
				CLANG_WARN_EMPTY_BODY = YES;
				CLANG_WARN_ENUM_CONVERSION = YES;
				CLANG_WARN_INFINITE_RECURSION = YES;
				CLANG_WARN_INT_CONVERSION = YES;
				CLANG_WARN_NON_LITERAL_NULL_CONVERSION = YES;
				CLANG_WARN_OBJC_IMPLICIT_RETAIN_SELF = YES;
				CLANG_WARN_OBJC_LITERAL_CONVERSION = YES;
				CLANG_WARN_OBJC_ROOT_CLASS = YES_ERROR;
				CLANG_WARN_QUOTED_INCLUDE_IN_FRAMEWORK_HEADER = YES;
				CLANG_WARN_RANGE_LOOP_ANALYSIS = YES;
				CLANG_WARN_STRICT_PROTOTYPES = YES;
				CLANG_WARN_SUSPICIOUS_MOVE = YES;
				CLANG_WARN_UNGUARDED_AVAILABILITY = YES_AGGRESSIVE;
				CLANG_WARN_UNREACHABLE_CODE = YES;
				CLANG_WARN__DUPLICATE_METHOD_MATCH = YES;
				COPY_PHASE_STRIP = NO;
				DEBUG_INFORMATION_FORMAT = "dwarf-with-dsym";
				ENABLE_NS_ASSERTIONS = NO;
				ENABLE_STRICT_OBJC_MSGSEND = YES;
				GCC_C_LANGUAGE_STANDARD = gnu11;
				GCC_NO_COMMON_BLOCKS = YES;
				GCC_WARN_64_TO_32_BIT_CONVERSION = YES;
				GCC_WARN_ABOUT_RETURN_TYPE = YES_ERROR;
				GCC_WARN_UNDECLARED_SELECTOR = YES;
				GCC_WARN_UNINITIALIZED_AUTOS = YES_AGGRESSIVE;
				GCC_WARN_UNUSED_FUNCTION = YES;
				GCC_WARN_UNUSED_VARIABLE = YES;
				IPHONEOS_DEPLOYMENT_TARGET = 10;
				MTL_ENABLE_DEBUG_INFO = NO;
				MTL_FAST_MATH = YES;
				SDKROOT = iphoneos;
				SWIFT_COMPILATION_MODE = wholemodule;
				SWIFT_OPTIMIZATION_LEVEL = "-O";
				VALIDATE_PRODUCT = YES;
			};
			name = Release;
		};
		2F4EDA9E253C3BFD00C5839C /* Debug */ = {
			isa = XCBuildConfiguration;
			buildSettings = {
				ASSETCATALOG_COMPILER_APPICON_NAME = AppIcon;
				ASSETCATALOG_COMPILER_GLOBAL_ACCENT_COLOR_NAME = AccentColor;
				CODE_SIGN_STYLE = Automatic;
				DEVELOPMENT_TEAM = LQDASF64MT;
				INFOPLIST_FILE = fishapp/Resources/Info.plist;
				LD_RUNPATH_SEARCH_PATHS = (
					"$(inherited)",
					"@executable_path/Frameworks",
				);
				PRODUCT_BUNDLE_IDENTIFIER = dev.feuer.fishapp;
				PRODUCT_NAME = "$(TARGET_NAME)";
				SWIFT_VERSION = 5.0;
				TARGETED_DEVICE_FAMILY = "1,2";
			};
			name = Debug;
		};
		2F4EDA9F253C3BFD00C5839C /* Release */ = {
			isa = XCBuildConfiguration;
			buildSettings = {
				ASSETCATALOG_COMPILER_APPICON_NAME = AppIcon;
				ASSETCATALOG_COMPILER_GLOBAL_ACCENT_COLOR_NAME = AccentColor;
				CODE_SIGN_STYLE = Automatic;
				DEVELOPMENT_TEAM = LQDASF64MT;
				INFOPLIST_FILE = fishapp/Resources/Info.plist;
				LD_RUNPATH_SEARCH_PATHS = (
					"$(inherited)",
					"@executable_path/Frameworks",
				);
				PRODUCT_BUNDLE_IDENTIFIER = dev.feuer.fishapp;
				PRODUCT_NAME = "$(TARGET_NAME)";
				SWIFT_VERSION = 5.0;
				TARGETED_DEVICE_FAMILY = "1,2";
			};
			name = Release;
		};
		2F4EDAD7253E100000C5839C /* Debug */ = {
			isa = XCBuildConfiguration;
			buildSettings = {
				BUNDLE_LOADER = "$(TEST_HOST)";
				CODE_SIGN_STYLE = Automatic;
				DEVELOPMENT_TEAM = LQDASF64MT;
				INFOPLIST_FILE = fishappTests/Info.plist;
				LD_RUNPATH_SEARCH_PATHS = (
					"$(inherited)",
					"@executable_path/Frameworks",
					"@loader_path/Frameworks",
				);
				PRODUCT_BUNDLE_IDENTIFIER = dev.feuer.fishappTests;
				PRODUCT_NAME = "$(TARGET_NAME)";
				SWIFT_VERSION = 5.0;
				TARGETED_DEVICE_FAMILY = "1,2";
				TEST_HOST = "$(BUILT_PRODUCTS_DIR)/fishapp.app/fishapp";
			};
			name = Debug;
		};
		2F4EDAD8253E100000C5839C /* Release */ = {
			isa = XCBuildConfiguration;
			buildSettings = {
				BUNDLE_LOADER = "$(TEST_HOST)";
				CODE_SIGN_STYLE = Automatic;
				DEVELOPMENT_TEAM = LQDASF64MT;
				INFOPLIST_FILE = fishappTests/Info.plist;
				LD_RUNPATH_SEARCH_PATHS = (
					"$(inherited)",
					"@executable_path/Frameworks",
					"@loader_path/Frameworks",
				);
				PRODUCT_BUNDLE_IDENTIFIER = dev.feuer.fishappTests;
				PRODUCT_NAME = "$(TARGET_NAME)";
				SWIFT_VERSION = 5.0;
				TARGETED_DEVICE_FAMILY = "1,2";
				TEST_HOST = "$(BUILT_PRODUCTS_DIR)/fishapp.app/fishapp";
			};
			name = Release;
		};
/* End XCBuildConfiguration section */

/* Begin XCConfigurationList section */
		2F4EDA84253C3BFC00C5839C /* Build configuration list for PBXProject "fishapp" */ = {
			isa = XCConfigurationList;
			buildConfigurations = (
				2F4EDA9B253C3BFD00C5839C /* Debug */,
				2F4EDA9C253C3BFD00C5839C /* Release */,
			);
			defaultConfigurationIsVisible = 0;
			defaultConfigurationName = Release;
		};
		2F4EDA9D253C3BFD00C5839C /* Build configuration list for PBXNativeTarget "fishapp" */ = {
			isa = XCConfigurationList;
			buildConfigurations = (
				2F4EDA9E253C3BFD00C5839C /* Debug */,
				2F4EDA9F253C3BFD00C5839C /* Release */,
			);
			defaultConfigurationIsVisible = 0;
			defaultConfigurationName = Release;
		};
		2F4EDAD6253E100000C5839C /* Build configuration list for PBXNativeTarget "fishappTests" */ = {
			isa = XCConfigurationList;
			buildConfigurations = (
				2F4EDAD7253E100000C5839C /* Debug */,
				2F4EDAD8253E100000C5839C /* Release */,
			);
			defaultConfigurationIsVisible = 0;
			defaultConfigurationName = Release;
		};
/* End XCConfigurationList section */
	};
	rootObject = 2F4EDA81253C3BFC00C5839C /* Project object */;
}
