// !$*UTF8*$!
{
	archiveVersion = 1;
	classes = {
	};
	objectVersion = 50;
	objects = {

/* Begin PBXBuildFile section */
		2F20E5502541993500AFF548 /* GBIFResponse.swift in Sources */ = {isa = PBXBuildFile; fileRef = 2F20E54F2541993500AFF548 /* GBIFResponse.swift */; };
		2F4CA993254AA452006D6121 /* OBISService.swift in Sources */ = {isa = PBXBuildFile; fileRef = 2F4CA992254AA452006D6121 /* OBISService.swift */; };
		2F4CA997254AA594006D6121 /* OBISResponse.swift in Sources */ = {isa = PBXBuildFile; fileRef = 2F4CA996254AA594006D6121 /* OBISResponse.swift */; };
		2F4EDA8D253C3BFC00C5839C /* AppDelegate.swift in Sources */ = {isa = PBXBuildFile; fileRef = 2F4EDA8C253C3BFC00C5839C /* AppDelegate.swift */; };
		2F4EDA96253C3BFD00C5839C /* Assets.xcassets in Resources */ = {isa = PBXBuildFile; fileRef = 2F4EDA95253C3BFD00C5839C /* Assets.xcassets */; };
		2F4EDA99253C3BFD00C5839C /* LaunchScreen.storyboard in Resources */ = {isa = PBXBuildFile; fileRef = 2F4EDA97253C3BFD00C5839C /* LaunchScreen.storyboard */; };
		2F4EDAE4253EF95000C5839C /* PickByCoordinateViewControllerTest.swift in Sources */ = {isa = PBXBuildFile; fileRef = 2F4EDAE3253EF95000C5839C /* PickByCoordinateViewControllerTest.swift */; };
		2F4EDAF82540039500C5839C /* Family.swift in Sources */ = {isa = PBXBuildFile; fileRef = 2F4EDAF72540039500C5839C /* Family.swift */; };
		2F4EDAFC254007BE00C5839C /* GBIFManager.swift in Sources */ = {isa = PBXBuildFile; fileRef = 2F4EDAFB254007BE00C5839C /* GBIFManager.swift */; };
		2F7F370D25622C2300DBF6ED /* WikiPhotoURLService.swift in Sources */ = {isa = PBXBuildFile; fileRef = 2F7F370C25622C2300DBF6ED /* WikiPhotoURLService.swift */; };
		2F84D665254954E900FCAB65 /* PickLocationPresenter.swift in Sources */ = {isa = PBXBuildFile; fileRef = 2F84D664254954E900FCAB65 /* PickLocationPresenter.swift */; };
		2F84D66F2549583D00FCAB65 /* Location.swift in Sources */ = {isa = PBXBuildFile; fileRef = 2F84D66E2549583D00FCAB65 /* Location.swift */; };
		2F84D67325495BD100FCAB65 /* AnimalListRouter.swift in Sources */ = {isa = PBXBuildFile; fileRef = 2F84D67225495BD100FCAB65 /* AnimalListRouter.swift */; };
		2F84D67725495DF000FCAB65 /* AnimalListPresenter.swift in Sources */ = {isa = PBXBuildFile; fileRef = 2F84D67625495DF000FCAB65 /* AnimalListPresenter.swift */; };
		2F84D67B25495E0E00FCAB65 /* AnimalListInteractor.swift in Sources */ = {isa = PBXBuildFile; fileRef = 2F84D67A25495E0E00FCAB65 /* AnimalListInteractor.swift */; };
		2F943B8D255EC33400F20236 /* AnimalDetailView.xib in Resources */ = {isa = PBXBuildFile; fileRef = 2F943B8C255EC33400F20236 /* AnimalDetailView.xib */; };
		2FB9B72B25480B200064E244 /* PickLocationViewController.swift in Sources */ = {isa = PBXBuildFile; fileRef = 2FB9B72A25480B200064E244 /* PickLocationViewController.swift */; };
		2FB9B72F25480B530064E244 /* PickLocationView.xib in Resources */ = {isa = PBXBuildFile; fileRef = 2FB9B72E25480B530064E244 /* PickLocationView.xib */; };
		2FB9B735254825700064E244 /* Util.swift in Sources */ = {isa = PBXBuildFile; fileRef = 2FB9B734254825700064E244 /* Util.swift */; };
		2FC01C932552C49300EDC211 /* AnimalDetailRouter.swift in Sources */ = {isa = PBXBuildFile; fileRef = 2FC01C922552C49300EDC211 /* AnimalDetailRouter.swift */; };
		2FC01C972552C55E00EDC211 /* AnimalDetailViewController.swift in Sources */ = {isa = PBXBuildFile; fileRef = 2FC01C962552C55E00EDC211 /* AnimalDetailViewController.swift */; };
		2FC01C9B2552C59800EDC211 /* AnimalDetailPresenter.swift in Sources */ = {isa = PBXBuildFile; fileRef = 2FC01C9A2552C59800EDC211 /* AnimalDetailPresenter.swift */; };
		2FE06BEE254FF871002213BE /* WORMSService.swift in Sources */ = {isa = PBXBuildFile; fileRef = 2FE06BED254FF871002213BE /* WORMSService.swift */; };
		2FE06BF2254FF984002213BE /* WORMSResponse.swift in Sources */ = {isa = PBXBuildFile; fileRef = 2FE06BF1254FF984002213BE /* WORMSResponse.swift */; };
		2FE7F90D255A8B3100FE7D1E /* AnimalListCollectionViewController.swift in Sources */ = {isa = PBXBuildFile; fileRef = 2FE7F90C255A8B3100FE7D1E /* AnimalListCollectionViewController.swift */; };
		2FE7F917255A920D00FE7D1E /* AnimalListCell.xib in Resources */ = {isa = PBXBuildFile; fileRef = 2FE7F916255A920D00FE7D1E /* AnimalListCell.xib */; };
		2FE7F91B255A924E00FE7D1E /* AnimalListCell.swift in Sources */ = {isa = PBXBuildFile; fileRef = 2FE7F91A255A924E00FE7D1E /* AnimalListCell.swift */; };
		2FEB3010254AD2FE0032D178 /* JSONWebService.swift in Sources */ = {isa = PBXBuildFile; fileRef = 2FEB300F254AD2FE0032D178 /* JSONWebService.swift */; };
		2FFAE70E2546F91600B928CF /* PickLocationRouter.swift in Sources */ = {isa = PBXBuildFile; fileRef = 2FFAE70D2546F91600B928CF /* PickLocationRouter.swift */; };
/* End PBXBuildFile section */

/* Begin PBXContainerItemProxy section */
		2F4EDAD4253E100000C5839C /* PBXContainerItemProxy */ = {
			isa = PBXContainerItemProxy;
			containerPortal = 2F4EDA81253C3BFC00C5839C /* Project object */;
			proxyType = 1;
			remoteGlobalIDString = 2F4EDA88253C3BFC00C5839C;
			remoteInfo = fishapp;
		};
/* End PBXContainerItemProxy section */

/* Begin PBXFileReference section */
		2F20E54F2541993500AFF548 /* GBIFResponse.swift */ = {isa = PBXFileReference; lastKnownFileType = sourcecode.swift; path = GBIFResponse.swift; sourceTree = "<group>"; };
		2F4CA992254AA452006D6121 /* OBISService.swift */ = {isa = PBXFileReference; fileEncoding = 4; lastKnownFileType = sourcecode.swift; path = OBISService.swift; sourceTree = "<group>"; };
		2F4CA996254AA594006D6121 /* OBISResponse.swift */ = {isa = PBXFileReference; lastKnownFileType = sourcecode.swift; path = OBISResponse.swift; sourceTree = "<group>"; };
		2F4EDA89253C3BFC00C5839C /* fishapp.app */ = {isa = PBXFileReference; explicitFileType = wrapper.application; includeInIndex = 0; path = fishapp.app; sourceTree = BUILT_PRODUCTS_DIR; };
		2F4EDA8C253C3BFC00C5839C /* AppDelegate.swift */ = {isa = PBXFileReference; lastKnownFileType = sourcecode.swift; path = AppDelegate.swift; sourceTree = "<group>"; };
		2F4EDA95253C3BFD00C5839C /* Assets.xcassets */ = {isa = PBXFileReference; lastKnownFileType = folder.assetcatalog; path = Assets.xcassets; sourceTree = "<group>"; };
		2F4EDA98253C3BFD00C5839C /* Base */ = {isa = PBXFileReference; lastKnownFileType = file.storyboard; name = Base; path = Base.lproj/LaunchScreen.storyboard; sourceTree = "<group>"; };
		2F4EDA9A253C3BFD00C5839C /* Info.plist */ = {isa = PBXFileReference; lastKnownFileType = text.plist.xml; path = Info.plist; sourceTree = "<group>"; };
		2F4EDACF253E100000C5839C /* fishappTests.xctest */ = {isa = PBXFileReference; explicitFileType = wrapper.cfbundle; includeInIndex = 0; path = fishappTests.xctest; sourceTree = BUILT_PRODUCTS_DIR; };
		2F4EDAD3253E100000C5839C /* Info.plist */ = {isa = PBXFileReference; lastKnownFileType = text.plist.xml; path = Info.plist; sourceTree = "<group>"; };
		2F4EDAE3253EF95000C5839C /* PickByCoordinateViewControllerTest.swift */ = {isa = PBXFileReference; lastKnownFileType = sourcecode.swift; path = PickByCoordinateViewControllerTest.swift; sourceTree = "<group>"; };
		2F4EDAF72540039500C5839C /* Family.swift */ = {isa = PBXFileReference; lastKnownFileType = sourcecode.swift; path = Family.swift; sourceTree = "<group>"; };
		2F4EDAFB254007BE00C5839C /* GBIFManager.swift */ = {isa = PBXFileReference; lastKnownFileType = sourcecode.swift; path = GBIFManager.swift; sourceTree = "<group>"; };
		2F7F370C25622C2300DBF6ED /* WikiPhotoURLService.swift */ = {isa = PBXFileReference; lastKnownFileType = sourcecode.swift; path = WikiPhotoURLService.swift; sourceTree = "<group>"; };
		2F84D664254954E900FCAB65 /* PickLocationPresenter.swift */ = {isa = PBXFileReference; lastKnownFileType = sourcecode.swift; path = PickLocationPresenter.swift; sourceTree = "<group>"; };
		2F84D66E2549583D00FCAB65 /* Location.swift */ = {isa = PBXFileReference; lastKnownFileType = sourcecode.swift; path = Location.swift; sourceTree = "<group>"; };
		2F84D67225495BD100FCAB65 /* AnimalListRouter.swift */ = {isa = PBXFileReference; lastKnownFileType = sourcecode.swift; path = AnimalListRouter.swift; sourceTree = "<group>"; };
		2F84D67625495DF000FCAB65 /* AnimalListPresenter.swift */ = {isa = PBXFileReference; lastKnownFileType = sourcecode.swift; path = AnimalListPresenter.swift; sourceTree = "<group>"; };
		2F84D67A25495E0E00FCAB65 /* AnimalListInteractor.swift */ = {isa = PBXFileReference; lastKnownFileType = sourcecode.swift; path = AnimalListInteractor.swift; sourceTree = "<group>"; };
		2F943B8C255EC33400F20236 /* AnimalDetailView.xib */ = {isa = PBXFileReference; lastKnownFileType = file.xib; path = AnimalDetailView.xib; sourceTree = "<group>"; };
		2FB9B72A25480B200064E244 /* PickLocationViewController.swift */ = {isa = PBXFileReference; lastKnownFileType = sourcecode.swift; path = PickLocationViewController.swift; sourceTree = "<group>"; };
		2FB9B72E25480B530064E244 /* PickLocationView.xib */ = {isa = PBXFileReference; lastKnownFileType = file.xib; path = PickLocationView.xib; sourceTree = "<group>"; };
		2FB9B734254825700064E244 /* Util.swift */ = {isa = PBXFileReference; lastKnownFileType = sourcecode.swift; path = Util.swift; sourceTree = "<group>"; };
		2FC01C922552C49300EDC211 /* AnimalDetailRouter.swift */ = {isa = PBXFileReference; fileEncoding = 4; lastKnownFileType = sourcecode.swift; path = AnimalDetailRouter.swift; sourceTree = "<group>"; };
		2FC01C962552C55E00EDC211 /* AnimalDetailViewController.swift */ = {isa = PBXFileReference; lastKnownFileType = sourcecode.swift; path = AnimalDetailViewController.swift; sourceTree = "<group>"; };
		2FC01C9A2552C59800EDC211 /* AnimalDetailPresenter.swift */ = {isa = PBXFileReference; lastKnownFileType = sourcecode.swift; path = AnimalDetailPresenter.swift; sourceTree = "<group>"; };
		2FE06BED254FF871002213BE /* WORMSService.swift */ = {isa = PBXFileReference; lastKnownFileType = sourcecode.swift; path = WORMSService.swift; sourceTree = "<group>"; };
		2FE06BF1254FF984002213BE /* WORMSResponse.swift */ = {isa = PBXFileReference; lastKnownFileType = sourcecode.swift; path = WORMSResponse.swift; sourceTree = "<group>"; };
		2FE7F90C255A8B3100FE7D1E /* AnimalListCollectionViewController.swift */ = {isa = PBXFileReference; lastKnownFileType = sourcecode.swift; path = AnimalListCollectionViewController.swift; sourceTree = "<group>"; };
		2FE7F916255A920D00FE7D1E /* AnimalListCell.xib */ = {isa = PBXFileReference; lastKnownFileType = file.xib; path = AnimalListCell.xib; sourceTree = "<group>"; };
		2FE7F91A255A924E00FE7D1E /* AnimalListCell.swift */ = {isa = PBXFileReference; lastKnownFileType = sourcecode.swift; path = AnimalListCell.swift; sourceTree = "<group>"; };
		2FEB300F254AD2FE0032D178 /* JSONWebService.swift */ = {isa = PBXFileReference; lastKnownFileType = sourcecode.swift; path = JSONWebService.swift; sourceTree = "<group>"; };
		2FFAE70D2546F91600B928CF /* PickLocationRouter.swift */ = {isa = PBXFileReference; lastKnownFileType = sourcecode.swift; path = PickLocationRouter.swift; sourceTree = "<group>"; };
/* End PBXFileReference section */

/* Begin PBXFrameworksBuildPhase section */
		2F4EDA86253C3BFC00C5839C /* Frameworks */ = {
			isa = PBXFrameworksBuildPhase;
			buildActionMask = 2147483647;
			files = (
			);
			runOnlyForDeploymentPostprocessing = 0;
		};
		2F4EDACC253E100000C5839C /* Frameworks */ = {
			isa = PBXFrameworksBuildPhase;
			buildActionMask = 2147483647;
			files = (
			);
			runOnlyForDeploymentPostprocessing = 0;
		};
/* End PBXFrameworksBuildPhase section */

/* Begin PBXGroup section */
		2F192F672549424800481573 /* Routing */ = {
			isa = PBXGroup;
			children = (
				2FFAE70D2546F91600B928CF /* PickLocationRouter.swift */,
				2F84D67225495BD100FCAB65 /* AnimalListRouter.swift */,
				2FC01C922552C49300EDC211 /* AnimalDetailRouter.swift */,
			);
			path = Routing;
			sourceTree = "<group>";
		};
		2F192F6C2549429200481573 /* Presenter */ = {
			isa = PBXGroup;
			children = (
				2F84D664254954E900FCAB65 /* PickLocationPresenter.swift */,
				2F84D67625495DF000FCAB65 /* AnimalListPresenter.swift */,
				2FC01C9A2552C59800EDC211 /* AnimalDetailPresenter.swift */,
			);
			path = Presenter;
			sourceTree = "<group>";
		};
		2F192F6F254942D100481573 /* Services */ = {
			isa = PBXGroup;
			children = (
				2FE06BED254FF871002213BE /* WORMSService.swift */,
				2FE06BF1254FF984002213BE /* WORMSResponse.swift */,
				2F4CA992254AA452006D6121 /* OBISService.swift */,
				2F4CA996254AA594006D6121 /* OBISResponse.swift */,
				2F4EDAFB254007BE00C5839C /* GBIFManager.swift */,
				2F20E54F2541993500AFF548 /* GBIFResponse.swift */,
				2F7F370C25622C2300DBF6ED /* WikiPhotoURLService.swift */,
				2FEB300F254AD2FE0032D178 /* JSONWebService.swift */,
			);
			path = Services;
			sourceTree = "<group>";
		};
		2F20E53225402EB300AFF548 /* Main */ = {
			isa = PBXGroup;
			children = (
				2F4EDA8C253C3BFC00C5839C /* AppDelegate.swift */,
				2FB9B734254825700064E244 /* Util.swift */,
			);
			path = Main;
			sourceTree = "<group>";
		};
		2F20E53325402ED300AFF548 /* Resources */ = {
			isa = PBXGroup;
			children = (
				2F4EDA9A253C3BFD00C5839C /* Info.plist */,
				2F4EDA97253C3BFD00C5839C /* LaunchScreen.storyboard */,
				2F4EDA95253C3BFD00C5839C /* Assets.xcassets */,
			);
			path = Resources;
			sourceTree = "<group>";
		};
		2F20E53425402EE700AFF548 /* Entities */ = {
			isa = PBXGroup;
			children = (
				2F4EDAF72540039500C5839C /* Family.swift */,
				2F84D66E2549583D00FCAB65 /* Location.swift */,
			);
			path = Entities;
			sourceTree = "<group>";
		};
		2F20E53525402F2800AFF548 /* Interactor */ = {
			isa = PBXGroup;
			children = (
				2F84D67A25495E0E00FCAB65 /* AnimalListInteractor.swift */,
			);
			path = Interactor;
			sourceTree = "<group>";
		};
		2F20E53625402F3300AFF548 /* View */ = {
			isa = PBXGroup;
			children = (
				2FB9B72A25480B200064E244 /* PickLocationViewController.swift */,
				2FB9B72E25480B530064E244 /* PickLocationView.xib */,
				2FC01C962552C55E00EDC211 /* AnimalDetailViewController.swift */,
				2F943B8C255EC33400F20236 /* AnimalDetailView.xib */,
				2FE7F90C255A8B3100FE7D1E /* AnimalListCollectionViewController.swift */,
				2FE7F916255A920D00FE7D1E /* AnimalListCell.xib */,
				2FE7F91A255A924E00FE7D1E /* AnimalListCell.swift */,
			);
			path = View;
			sourceTree = "<group>";
		};
		2F4EDA80253C3BFC00C5839C = {
			isa = PBXGroup;
			children = (
				2F4EDA8B253C3BFC00C5839C /* fishapp */,
				2F4EDAD0253E100000C5839C /* fishappTests */,
				2F4EDA8A253C3BFC00C5839C /* Products */,
			);
			sourceTree = "<group>";
		};
		2F4EDA8A253C3BFC00C5839C /* Products */ = {
			isa = PBXGroup;
			children = (
				2F4EDA89253C3BFC00C5839C /* fishapp.app */,
				2F4EDACF253E100000C5839C /* fishappTests.xctest */,
			);
			name = Products;
			sourceTree = "<group>";
		};
		2F4EDA8B253C3BFC00C5839C /* fishapp */ = {
			isa = PBXGroup;
			children = (
				2F20E53625402F3300AFF548 /* View */,
				2F192F6C2549429200481573 /* Presenter */,
				2F20E53525402F2800AFF548 /* Interactor */,
				2F192F672549424800481573 /* Routing */,
				2F20E53425402EE700AFF548 /* Entities */,
				2F20E53225402EB300AFF548 /* Main */,
				2F192F6F254942D100481573 /* Services */,
				2F20E53325402ED300AFF548 /* Resources */,
			);
			path = fishapp;
			sourceTree = "<group>";
		};
		2F4EDAD0253E100000C5839C /* fishappTests */ = {
			isa = PBXGroup;
			children = (
				2F4EDAD3253E100000C5839C /* Info.plist */,
				2F4EDAE3253EF95000C5839C /* PickByCoordinateViewControllerTest.swift */,
			);
			path = fishappTests;
			sourceTree = "<group>";
		};
/* End PBXGroup section */

/* Begin PBXNativeTarget section */
		2F4EDA88253C3BFC00C5839C /* fishapp */ = {
			isa = PBXNativeTarget;
			buildConfigurationList = 2F4EDA9D253C3BFD00C5839C /* Build configuration list for PBXNativeTarget "fishapp" */;
			buildPhases = (
				2F4EDA85253C3BFC00C5839C /* Sources */,
				2F4EDA86253C3BFC00C5839C /* Frameworks */,
				2F4EDA87253C3BFC00C5839C /* Resources */,
			);
			buildRules = (
			);
			dependencies = (
			);
			name = fishapp;
			productName = fishapp;
			productReference = 2F4EDA89253C3BFC00C5839C /* fishapp.app */;
			productType = "com.apple.product-type.application";
		};
		2F4EDACE253E100000C5839C /* fishappTests */ = {
			isa = PBXNativeTarget;
			buildConfigurationList = 2F4EDAD6253E100000C5839C /* Build configuration list for PBXNativeTarget "fishappTests" */;
			buildPhases = (
				2F4EDACB253E100000C5839C /* Sources */,
				2F4EDACC253E100000C5839C /* Frameworks */,
				2F4EDACD253E100000C5839C /* Resources */,
			);
			buildRules = (
			);
			dependencies = (
				2F4EDAD5253E100000C5839C /* PBXTargetDependency */,
			);
			name = fishappTests;
			productName = fishappTests;
			productReference = 2F4EDACF253E100000C5839C /* fishappTests.xctest */;
			productType = "com.apple.product-type.bundle.unit-test";
		};
/* End PBXNativeTarget section */

/* Begin PBXProject section */
		2F4EDA81253C3BFC00C5839C /* Project object */ = {
			isa = PBXProject;
			attributes = {
				LastSwiftUpdateCheck = 1200;
				LastUpgradeCheck = 1200;
				TargetAttributes = {
					2F4EDA88253C3BFC00C5839C = {
						CreatedOnToolsVersion = 12.0.1;
						LastSwiftMigration = 1210;
					};
					2F4EDACE253E100000C5839C = {
						CreatedOnToolsVersion = 12.0.1;
						TestTargetID = 2F4EDA88253C3BFC00C5839C;
					};
				};
			};
			buildConfigurationList = 2F4EDA84253C3BFC00C5839C /* Build configuration list for PBXProject "fishapp" */;
			compatibilityVersion = "Xcode 9.3";
			developmentRegion = en;
			hasScannedForEncodings = 0;
			knownRegions = (
				en,
				Base,
			);
			mainGroup = 2F4EDA80253C3BFC00C5839C;
			productRefGroup = 2F4EDA8A253C3BFC00C5839C /* Products */;
			projectDirPath = "";
			projectRoot = "";
			targets = (
				2F4EDA88253C3BFC00C5839C /* fishapp */,
				2F4EDACE253E100000C5839C /* fishappTests */,
			);
		};
/* End PBXProject section */

/* Begin PBXResourcesBuildPhase section */
		2F4EDA87253C3BFC00C5839C /* Resources */ = {
			isa = PBXResourcesBuildPhase;
			buildActionMask = 2147483647;
			files = (
				2FE7F917255A920D00FE7D1E /* AnimalListCell.xib in Resources */,
				2FB9B72F25480B530064E244 /* PickLocationView.xib in Resources */,
				2F4EDA99253C3BFD00C5839C /* LaunchScreen.storyboard in Resources */,
				2F4EDA96253C3BFD00C5839C /* Assets.xcassets in Resources */,
				2F943B8D255EC33400F20236 /* AnimalDetailView.xib in Resources */,
			);
			runOnlyForDeploymentPostprocessing = 0;
		};
		2F4EDACD253E100000C5839C /* Resources */ = {
			isa = PBXResourcesBuildPhase;
			buildActionMask = 2147483647;
			files = (
			);
			runOnlyForDeploymentPostprocessing = 0;
		};
/* End PBXResourcesBuildPhase section */

/* Begin PBXSourcesBuildPhase section */
		2F4EDA85253C3BFC00C5839C /* Sources */ = {
			isa = PBXSourcesBuildPhase;
			buildActionMask = 2147483647;
			files = (
				2FC01C9B2552C59800EDC211 /* AnimalDetailPresenter.swift in Sources */,
				2F4EDA8D253C3BFC00C5839C /* AppDelegate.swift in Sources */,
				2F20E5502541993500AFF548 /* GBIFResponse.swift in Sources */,
				2FE7F91B255A924E00FE7D1E /* AnimalListCell.swift in Sources */,
				2F4EDAF82540039500C5839C /* Family.swift in Sources */,
				2FE06BF2254FF984002213BE /* WORMSResponse.swift in Sources */,
				2F84D665254954E900FCAB65 /* PickLocationPresenter.swift in Sources */,
				2FE7F90D255A8B3100FE7D1E /* AnimalListCollectionViewController.swift in Sources */,
				2F84D66F2549583D00FCAB65 /* Location.swift in Sources */,
				2FE06BEE254FF871002213BE /* WORMSService.swift in Sources */,
				2FC01C932552C49300EDC211 /* AnimalDetailRouter.swift in Sources */,
				2F84D67325495BD100FCAB65 /* AnimalListRouter.swift in Sources */,
				2FC01C972552C55E00EDC211 /* AnimalDetailViewController.swift in Sources */,
				2F7F370D25622C2300DBF6ED /* WikiPhotoURLService.swift in Sources */,
				2F84D67725495DF000FCAB65 /* AnimalListPresenter.swift in Sources */,
				2F4CA993254AA452006D6121 /* OBISService.swift in Sources */,
				2F84D67B25495E0E00FCAB65 /* AnimalListInteractor.swift in Sources */,
				2FEB3010254AD2FE0032D178 /* JSONWebService.swift in Sources */,
				2FB9B72B25480B200064E244 /* PickLocationViewController.swift in Sources */,
				2FB9B735254825700064E244 /* Util.swift in Sources */,
				2F4CA997254AA594006D6121 /* OBISResponse.swift in Sources */,
				2FFAE70E2546F91600B928CF /* PickLocationRouter.swift in Sources */,
				2F4EDAFC254007BE00C5839C /* GBIFManager.swift in Sources */,
			);
			runOnlyForDeploymentPostprocessing = 0;
		};
		2F4EDACB253E100000C5839C /* Sources */ = {
			isa = PBXSourcesBuildPhase;
			buildActionMask = 2147483647;
			files = (
				2F4EDAE4253EF95000C5839C /* PickByCoordinateViewControllerTest.swift in Sources */,
			);
			runOnlyForDeploymentPostprocessing = 0;
		};
/* End PBXSourcesBuildPhase section */

/* Begin PBXTargetDependency section */
		2F4EDAD5253E100000C5839C /* PBXTargetDependency */ = {
			isa = PBXTargetDependency;
			target = 2F4EDA88253C3BFC00C5839C /* fishapp */;
			targetProxy = 2F4EDAD4253E100000C5839C /* PBXContainerItemProxy */;
		};
/* End PBXTargetDependency section */

/* Begin PBXVariantGroup section */
		2F4EDA97253C3BFD00C5839C /* LaunchScreen.storyboard */ = {
			isa = PBXVariantGroup;
			children = (
				2F4EDA98253C3BFD00C5839C /* Base */,
			);
			name = LaunchScreen.storyboard;
			sourceTree = "<group>";
		};
/* End PBXVariantGroup section */

/* Begin XCBuildConfiguration section */
		2F4EDA9B253C3BFD00C5839C /* Debug */ = {
			isa = XCBuildConfiguration;
			buildSettings = {
				ALWAYS_SEARCH_USER_PATHS = NO;
				CLANG_ANALYZER_NONNULL = YES;
				CLANG_ANALYZER_NUMBER_OBJECT_CONVERSION = YES_AGGRESSIVE;
				CLANG_CXX_LANGUAGE_STANDARD = "gnu++14";
				CLANG_CXX_LIBRARY = "libc++";
				CLANG_ENABLE_MODULES = YES;
				CLANG_ENABLE_OBJC_ARC = YES;
				CLANG_ENABLE_OBJC_WEAK = YES;
				CLANG_WARN_BLOCK_CAPTURE_AUTORELEASING = YES;
				CLANG_WARN_BOOL_CONVERSION = YES;
				CLANG_WARN_COMMA = YES;
				CLANG_WARN_CONSTANT_CONVERSION = YES;
				CLANG_WARN_DEPRECATED_OBJC_IMPLEMENTATIONS = YES;
				CLANG_WARN_DIRECT_OBJC_ISA_USAGE = YES_ERROR;
				CLANG_WARN_DOCUMENTATION_COMMENTS = YES;
				CLANG_WARN_EMPTY_BODY = YES;
				CLANG_WARN_ENUM_CONVERSION = YES;
				CLANG_WARN_INFINITE_RECURSION = YES;
				CLANG_WARN_INT_CONVERSION = YES;
				CLANG_WARN_NON_LITERAL_NULL_CONVERSION = YES;
				CLANG_WARN_OBJC_IMPLICIT_RETAIN_SELF = YES;
				CLANG_WARN_OBJC_LITERAL_CONVERSION = YES;
				CLANG_WARN_OBJC_ROOT_CLASS = YES_ERROR;
				CLANG_WARN_QUOTED_INCLUDE_IN_FRAMEWORK_HEADER = YES;
				CLANG_WARN_RANGE_LOOP_ANALYSIS = YES;
				CLANG_WARN_STRICT_PROTOTYPES = YES;
				CLANG_WARN_SUSPICIOUS_MOVE = YES;
				CLANG_WARN_UNGUARDED_AVAILABILITY = YES_AGGRESSIVE;
				CLANG_WARN_UNREACHABLE_CODE = YES;
				CLANG_WARN__DUPLICATE_METHOD_MATCH = YES;
				COPY_PHASE_STRIP = NO;
				DEBUG_INFORMATION_FORMAT = dwarf;
				ENABLE_STRICT_OBJC_MSGSEND = YES;
				ENABLE_TESTABILITY = YES;
				GCC_C_LANGUAGE_STANDARD = gnu11;
				GCC_DYNAMIC_NO_PIC = NO;
				GCC_NO_COMMON_BLOCKS = YES;
				GCC_OPTIMIZATION_LEVEL = 0;
				GCC_PREPROCESSOR_DEFINITIONS = (
					"DEBUG=1",
					"$(inherited)",
				);
				GCC_WARN_64_TO_32_BIT_CONVERSION = YES;
				GCC_WARN_ABOUT_RETURN_TYPE = YES_ERROR;
				GCC_WARN_UNDECLARED_SELECTOR = YES;
				GCC_WARN_UNINITIALIZED_AUTOS = YES_AGGRESSIVE;
				GCC_WARN_UNUSED_FUNCTION = YES;
				GCC_WARN_UNUSED_VARIABLE = YES;
				IPHONEOS_DEPLOYMENT_TARGET = 10;
				MTL_ENABLE_DEBUG_INFO = INCLUDE_SOURCE;
				MTL_FAST_MATH = YES;
				ONLY_ACTIVE_ARCH = YES;
				SDKROOT = iphoneos;
				SWIFT_ACTIVE_COMPILATION_CONDITIONS = DEBUG;
				SWIFT_OPTIMIZATION_LEVEL = "-Onone";
			};
			name = Debug;
		};
		2F4EDA9C253C3BFD00C5839C /* Release */ = {
			isa = XCBuildConfiguration;
			buildSettings = {
				ALWAYS_SEARCH_USER_PATHS = NO;
				CLANG_ANALYZER_NONNULL = YES;
				CLANG_ANALYZER_NUMBER_OBJECT_CONVERSION = YES_AGGRESSIVE;
				CLANG_CXX_LANGUAGE_STANDARD = "gnu++14";
				CLANG_CXX_LIBRARY = "libc++";
				CLANG_ENABLE_MODULES = YES;
				CLANG_ENABLE_OBJC_ARC = YES;
				CLANG_ENABLE_OBJC_WEAK = YES;
				CLANG_WARN_BLOCK_CAPTURE_AUTORELEASING = YES;
				CLANG_WARN_BOOL_CONVERSION = YES;
				CLANG_WARN_COMMA = YES;
				CLANG_WARN_CONSTANT_CONVERSION = YES;
				CLANG_WARN_DEPRECATED_OBJC_IMPLEMENTATIONS = YES;
				CLANG_WARN_DIRECT_OBJC_ISA_USAGE = YES_ERROR;
				CLANG_WARN_DOCUMENTATION_COMMENTS = YES;
				CLANG_WARN_EMPTY_BODY = YES;
				CLANG_WARN_ENUM_CONVERSION = YES;
				CLANG_WARN_INFINITE_RECURSION = YES;
				CLANG_WARN_INT_CONVERSION = YES;
				CLANG_WARN_NON_LITERAL_NULL_CONVERSION = YES;
				CLANG_WARN_OBJC_IMPLICIT_RETAIN_SELF = YES;
				CLANG_WARN_OBJC_LITERAL_CONVERSION = YES;
				CLANG_WARN_OBJC_ROOT_CLASS = YES_ERROR;
				CLANG_WARN_QUOTED_INCLUDE_IN_FRAMEWORK_HEADER = YES;
				CLANG_WARN_RANGE_LOOP_ANALYSIS = YES;
				CLANG_WARN_STRICT_PROTOTYPES = YES;
				CLANG_WARN_SUSPICIOUS_MOVE = YES;
				CLANG_WARN_UNGUARDED_AVAILABILITY = YES_AGGRESSIVE;
				CLANG_WARN_UNREACHABLE_CODE = YES;
				CLANG_WARN__DUPLICATE_METHOD_MATCH = YES;
				COPY_PHASE_STRIP = NO;
				DEBUG_INFORMATION_FORMAT = "dwarf-with-dsym";
				ENABLE_NS_ASSERTIONS = NO;
				ENABLE_STRICT_OBJC_MSGSEND = YES;
				GCC_C_LANGUAGE_STANDARD = gnu11;
				GCC_NO_COMMON_BLOCKS = YES;
				GCC_WARN_64_TO_32_BIT_CONVERSION = YES;
				GCC_WARN_ABOUT_RETURN_TYPE = YES_ERROR;
				GCC_WARN_UNDECLARED_SELECTOR = YES;
				GCC_WARN_UNINITIALIZED_AUTOS = YES_AGGRESSIVE;
				GCC_WARN_UNUSED_FUNCTION = YES;
				GCC_WARN_UNUSED_VARIABLE = YES;
				IPHONEOS_DEPLOYMENT_TARGET = 10;
				MTL_ENABLE_DEBUG_INFO = NO;
				MTL_FAST_MATH = YES;
				SDKROOT = iphoneos;
				SWIFT_COMPILATION_MODE = wholemodule;
				SWIFT_OPTIMIZATION_LEVEL = "-O";
				VALIDATE_PRODUCT = YES;
			};
			name = Release;
		};
		2F4EDA9E253C3BFD00C5839C /* Debug */ = {
			isa = XCBuildConfiguration;
			buildSettings = {
				ASSETCATALOG_COMPILER_APPICON_NAME = AppIcon;
				ASSETCATALOG_COMPILER_GLOBAL_ACCENT_COLOR_NAME = AccentColor;
				CLANG_ENABLE_MODULES = YES;
				CODE_SIGN_STYLE = Automatic;
				DEVELOPMENT_TEAM = LQDASF64MT;
				INFOPLIST_FILE = fishapp/Resources/Info.plist;
				LD_RUNPATH_SEARCH_PATHS = (
					"$(inherited)",
					"@executable_path/Frameworks",
				);
				PRODUCT_BUNDLE_IDENTIFIER = dev.feuer.fishapp;
				PRODUCT_NAME = "$(TARGET_NAME)";
				SWIFT_OPTIMIZATION_LEVEL = "-Onone";
				SWIFT_VERSION = 5.0;
				TARGETED_DEVICE_FAMILY = "1,2";
			};
			name = Debug;
		};
		2F4EDA9F253C3BFD00C5839C /* Release */ = {
			isa = XCBuildConfiguration;
			buildSettings = {
				ASSETCATALOG_COMPILER_APPICON_NAME = AppIcon;
				ASSETCATALOG_COMPILER_GLOBAL_ACCENT_COLOR_NAME = AccentColor;
				CLANG_ENABLE_MODULES = YES;
				CODE_SIGN_STYLE = Automatic;
				DEVELOPMENT_TEAM = LQDASF64MT;
				INFOPLIST_FILE = fishapp/Resources/Info.plist;
				LD_RUNPATH_SEARCH_PATHS = (
					"$(inherited)",
					"@executable_path/Frameworks",
				);
				PRODUCT_BUNDLE_IDENTIFIER = dev.feuer.fishapp;
				PRODUCT_NAME = "$(TARGET_NAME)";
				SWIFT_VERSION = 5.0;
				TARGETED_DEVICE_FAMILY = "1,2";
			};
			name = Release;
		};
		2F4EDAD7253E100000C5839C /* Debug */ = {
			isa = XCBuildConfiguration;
			buildSettings = {
				BUNDLE_LOADER = "$(TEST_HOST)";
				CODE_SIGN_STYLE = Automatic;
				DEVELOPMENT_TEAM = LQDASF64MT;
				INFOPLIST_FILE = fishappTests/Info.plist;
				LD_RUNPATH_SEARCH_PATHS = (
					"$(inherited)",
					"@executable_path/Frameworks",
					"@loader_path/Frameworks",
				);
				PRODUCT_BUNDLE_IDENTIFIER = dev.feuer.fishappTests;
				PRODUCT_NAME = "$(TARGET_NAME)";
				SWIFT_VERSION = 5.0;
				TARGETED_DEVICE_FAMILY = "1,2";
				TEST_HOST = "$(BUILT_PRODUCTS_DIR)/fishapp.app/fishapp";
			};
			name = Debug;
		};
		2F4EDAD8253E100000C5839C /* Release */ = {
			isa = XCBuildConfiguration;
			buildSettings = {
				BUNDLE_LOADER = "$(TEST_HOST)";
				CODE_SIGN_STYLE = Automatic;
				DEVELOPMENT_TEAM = LQDASF64MT;
				INFOPLIST_FILE = fishappTests/Info.plist;
				LD_RUNPATH_SEARCH_PATHS = (
					"$(inherited)",
					"@executable_path/Frameworks",
					"@loader_path/Frameworks",
				);
				PRODUCT_BUNDLE_IDENTIFIER = dev.feuer.fishappTests;
				PRODUCT_NAME = "$(TARGET_NAME)";
				SWIFT_VERSION = 5.0;
				TARGETED_DEVICE_FAMILY = "1,2";
				TEST_HOST = "$(BUILT_PRODUCTS_DIR)/fishapp.app/fishapp";
			};
			name = Release;
		};
/* End XCBuildConfiguration section */

/* Begin XCConfigurationList section */
		2F4EDA84253C3BFC00C5839C /* Build configuration list for PBXProject "fishapp" */ = {
			isa = XCConfigurationList;
			buildConfigurations = (
				2F4EDA9B253C3BFD00C5839C /* Debug */,
				2F4EDA9C253C3BFD00C5839C /* Release */,
			);
			defaultConfigurationIsVisible = 0;
			defaultConfigurationName = Release;
		};
		2F4EDA9D253C3BFD00C5839C /* Build configuration list for PBXNativeTarget "fishapp" */ = {
			isa = XCConfigurationList;
			buildConfigurations = (
				2F4EDA9E253C3BFD00C5839C /* Debug */,
				2F4EDA9F253C3BFD00C5839C /* Release */,
			);
			defaultConfigurationIsVisible = 0;
			defaultConfigurationName = Release;
		};
		2F4EDAD6253E100000C5839C /* Build configuration list for PBXNativeTarget "fishappTests" */ = {
			isa = XCConfigurationList;
			buildConfigurations = (
				2F4EDAD7253E100000C5839C /* Debug */,
				2F4EDAD8253E100000C5839C /* Release */,
			);
			defaultConfigurationIsVisible = 0;
			defaultConfigurationName = Release;
		};
/* End XCConfigurationList section */
	};
	rootObject = 2F4EDA81253C3BFC00C5839C /* Project object */;
}
