// !$*UTF8*$!
{
	archiveVersion = 1;
	classes = {
	};
	objectVersion = 51;
	objects = {

/* Begin PBXBuildFile section */
		2F11E7D52562C3FC005A13A6 /* Constants.swift in Sources */ = {isa = PBXBuildFile; fileRef = 2F11E7D42562C3FC005A13A6 /* Constants.swift */; };
		2F20E5502541993500AFF548 /* GBIFResponse.swift in Sources */ = {isa = PBXBuildFile; fileRef = 2F20E54F2541993500AFF548 /* GBIFResponse.swift */; };
		2F42ED4025A9636F00136F90 /* FamilyDetailInformationViewController.swift in Sources */ = {isa = PBXBuildFile; fileRef = 2F42ED3E25A9636F00136F90 /* FamilyDetailInformationViewController.swift */; };
		2F42ED4125A9636F00136F90 /* FamilyDetailInformationViewController.xib in Resources */ = {isa = PBXBuildFile; fileRef = 2F42ED3F25A9636F00136F90 /* FamilyDetailInformationViewController.xib */; };
		2F42ED4625A963CA00136F90 /* FamilyDetailSpeciesListTableViewController.swift in Sources */ = {isa = PBXBuildFile; fileRef = 2F42ED4425A963CA00136F90 /* FamilyDetailSpeciesListTableViewController.swift */; };
		2F42ED4725A963CA00136F90 /* FamilyDetailSpeciesListTableViewController.xib in Resources */ = {isa = PBXBuildFile; fileRef = 2F42ED4525A963CA00136F90 /* FamilyDetailSpeciesListTableViewController.xib */; };
		2F42ED4B25A9647700136F90 /* FamilyDetailDangerViewController.swift in Sources */ = {isa = PBXBuildFile; fileRef = 2F42ED4925A9647700136F90 /* FamilyDetailDangerViewController.swift */; };
		2F42ED4C25A9647700136F90 /* FamilyDetailDangerViewController.xib in Resources */ = {isa = PBXBuildFile; fileRef = 2F42ED4A25A9647700136F90 /* FamilyDetailDangerViewController.xib */; };
		2F42ED5425A97EEE00136F90 /* LoadDescriptionService.swift in Sources */ = {isa = PBXBuildFile; fileRef = 2F42ED5325A97EEE00136F90 /* LoadDescriptionService.swift */; };
		2F42ED5725A9801200136F90 /* WikiDescriptionService.swift in Sources */ = {isa = PBXBuildFile; fileRef = 2F42ED5625A9801200136F90 /* WikiDescriptionService.swift */; };
		2F42ED5A25A9887900136F90 /* FamilyDetailTabBarController.swift in Sources */ = {isa = PBXBuildFile; fileRef = 2F42ED5925A9887900136F90 /* FamilyDetailTabBarController.swift */; };
		2F42ED6125A989E300136F90 /* FamilyDetailSpeciesListCell.swift in Sources */ = {isa = PBXBuildFile; fileRef = 2F42ED5F25A989E300136F90 /* FamilyDetailSpeciesListCell.swift */; };
		2F42ED6225A989E300136F90 /* FamilyDetailSpeciesListCell.xib in Resources */ = {isa = PBXBuildFile; fileRef = 2F42ED6025A989E300136F90 /* FamilyDetailSpeciesListCell.xib */; };
		2F4CA993254AA452006D6121 /* OBISService.swift in Sources */ = {isa = PBXBuildFile; fileRef = 2F4CA992254AA452006D6121 /* OBISService.swift */; };
		2F4CA997254AA594006D6121 /* OBISResponse.swift in Sources */ = {isa = PBXBuildFile; fileRef = 2F4CA996254AA594006D6121 /* OBISResponse.swift */; };
		2F4EDA8D253C3BFC00C5839C /* AppDelegate.swift in Sources */ = {isa = PBXBuildFile; fileRef = 2F4EDA8C253C3BFC00C5839C /* AppDelegate.swift */; };
		2F4EDA96253C3BFD00C5839C /* Assets.xcassets in Resources */ = {isa = PBXBuildFile; fileRef = 2F4EDA95253C3BFD00C5839C /* Assets.xcassets */; };
		2F4EDA99253C3BFD00C5839C /* LaunchScreen.storyboard in Resources */ = {isa = PBXBuildFile; fileRef = 2F4EDA97253C3BFD00C5839C /* LaunchScreen.storyboard */; };
		2F4EDAE4253EF95000C5839C /* PickByCoordinateViewControllerTest.swift in Sources */ = {isa = PBXBuildFile; fileRef = 2F4EDAE3253EF95000C5839C /* PickByCoordinateViewControllerTest.swift */; };
		2F4EDAF82540039500C5839C /* Family.swift in Sources */ = {isa = PBXBuildFile; fileRef = 2F4EDAF72540039500C5839C /* Family.swift */; };
		2F4EDAFC254007BE00C5839C /* GBIFManager.swift in Sources */ = {isa = PBXBuildFile; fileRef = 2F4EDAFB254007BE00C5839C /* GBIFManager.swift */; };
		2F5120CD256E80C300715612 /* LoadVernacularService.swift in Sources */ = {isa = PBXBuildFile; fileRef = 2F5120CC256E80C300715612 /* LoadVernacularService.swift */; };
		2F5120D1256E9BD000715612 /* FamilyListLoadingView.swift in Sources */ = {isa = PBXBuildFile; fileRef = 2F5120D0256E9BD000715612 /* FamilyListLoadingView.swift */; };
		2F5120D5256E9BE800715612 /* FamilyListLoadingView.xib in Resources */ = {isa = PBXBuildFile; fileRef = 2F5120D4256E9BE800715612 /* FamilyListLoadingView.xib */; };
		2F7F370D25622C2300DBF6ED /* WikiPhotoURLService.swift in Sources */ = {isa = PBXBuildFile; fileRef = 2F7F370C25622C2300DBF6ED /* WikiPhotoURLService.swift */; };
		2F84D665254954E900FCAB65 /* PickLocationPresenter.swift in Sources */ = {isa = PBXBuildFile; fileRef = 2F84D664254954E900FCAB65 /* PickLocationPresenter.swift */; };
		2F84D66F2549583D00FCAB65 /* Location.swift in Sources */ = {isa = PBXBuildFile; fileRef = 2F84D66E2549583D00FCAB65 /* Location.swift */; };
		2F84D67325495BD100FCAB65 /* AnimalListRouter.swift in Sources */ = {isa = PBXBuildFile; fileRef = 2F84D67225495BD100FCAB65 /* AnimalListRouter.swift */; };
		2F84D67725495DF000FCAB65 /* FamilyListPresenter.swift in Sources */ = {isa = PBXBuildFile; fileRef = 2F84D67625495DF000FCAB65 /* FamilyListPresenter.swift */; };
		2F84D67B25495E0E00FCAB65 /* FamilyListInteractor.swift in Sources */ = {isa = PBXBuildFile; fileRef = 2F84D67A25495E0E00FCAB65 /* FamilyListInteractor.swift */; };
		2F9A5BC12591FD0200DD8BE6 /* FamilyListHeader.xib in Resources */ = {isa = PBXBuildFile; fileRef = 2F9A5BC02591FD0200DD8BE6 /* FamilyListHeader.xib */; };
		2F9A5BC42592002500DD8BE6 /* FamilyListHeader.swift in Sources */ = {isa = PBXBuildFile; fileRef = 2F9A5BC32592002500DD8BE6 /* FamilyListHeader.swift */; };
		2FABEEBF25A35C9100F4C85A /* GoogleService-Info.plist in Resources */ = {isa = PBXBuildFile; fileRef = 2FABEEBE25A35C9100F4C85A /* GoogleService-Info.plist */; };
		2FB9B72B25480B200064E244 /* PickLocationViewController.swift in Sources */ = {isa = PBXBuildFile; fileRef = 2FB9B72A25480B200064E244 /* PickLocationViewController.swift */; };
		2FB9B72F25480B530064E244 /* PickLocationView.xib in Resources */ = {isa = PBXBuildFile; fileRef = 2FB9B72E25480B530064E244 /* PickLocationView.xib */; };
		2FC01C932552C49300EDC211 /* AnimalDetailRouter.swift in Sources */ = {isa = PBXBuildFile; fileRef = 2FC01C922552C49300EDC211 /* AnimalDetailRouter.swift */; };
		2FC01C9B2552C59800EDC211 /* FamilyDetailPresenter.swift in Sources */ = {isa = PBXBuildFile; fileRef = 2FC01C9A2552C59800EDC211 /* FamilyDetailPresenter.swift */; };
		2FC8B78D259A6E750096862A /* InfoView.xib in Resources */ = {isa = PBXBuildFile; fileRef = 2FC8B78C259A6E750096862A /* InfoView.xib */; };
		2FC8B790259A6E930096862A /* InfoViewController.swift in Sources */ = {isa = PBXBuildFile; fileRef = 2FC8B78F259A6E930096862A /* InfoViewController.swift */; };
		2FDEF1A1256E66E4004DDB9B /* UIDocumentImageView.swift in Sources */ = {isa = PBXBuildFile; fileRef = 2FDEF1A0256E66E4004DDB9B /* UIDocumentImageView.swift */; };
		2FDEF3D5256A63510078550D /* LoadPhotoService.swift in Sources */ = {isa = PBXBuildFile; fileRef = 2FDEF3D4256A63510078550D /* LoadPhotoService.swift */; };
		2FDEF3D9256A72730078550D /* FamilyDetailInteractor.swift in Sources */ = {isa = PBXBuildFile; fileRef = 2FDEF3D8256A72730078550D /* FamilyDetailInteractor.swift */; };
		2FE06BEE254FF871002213BE /* WORMSService.swift in Sources */ = {isa = PBXBuildFile; fileRef = 2FE06BED254FF871002213BE /* WORMSService.swift */; };
		2FE06BF2254FF984002213BE /* WORMSResponse.swift in Sources */ = {isa = PBXBuildFile; fileRef = 2FE06BF1254FF984002213BE /* WORMSResponse.swift */; };
		2FE5B06125AC2AAA00B37335 /* Danger.swift in Sources */ = {isa = PBXBuildFile; fileRef = 2FE5B06025AC2AAA00B37335 /* Danger.swift */; };
		2FE7F90D255A8B3100FE7D1E /* FamilyListCollectionViewController.swift in Sources */ = {isa = PBXBuildFile; fileRef = 2FE7F90C255A8B3100FE7D1E /* FamilyListCollectionViewController.swift */; };
		2FE7F917255A920D00FE7D1E /* FamilyListCell.xib in Resources */ = {isa = PBXBuildFile; fileRef = 2FE7F916255A920D00FE7D1E /* FamilyListCell.xib */; };
		2FE7F91B255A924E00FE7D1E /* FamilyListCell.swift in Sources */ = {isa = PBXBuildFile; fileRef = 2FE7F91A255A924E00FE7D1E /* FamilyListCell.swift */; };
		2FEB3010254AD2FE0032D178 /* JSONWebService.swift in Sources */ = {isa = PBXBuildFile; fileRef = 2FEB300F254AD2FE0032D178 /* JSONWebService.swift */; };
		2FFADEA42576179600AC906C /* Feuerlib.framework in Frameworks */ = {isa = PBXBuildFile; fileRef = 2FFADEA32576179600AC906C /* Feuerlib.framework */; };
		2FFADEA52576179600AC906C /* Feuerlib.framework in Embed Frameworks */ = {isa = PBXBuildFile; fileRef = 2FFADEA32576179600AC906C /* Feuerlib.framework */; settings = {ATTRIBUTES = (CodeSignOnCopy, RemoveHeadersOnCopy, ); }; };
		2FFAE70E2546F91600B928CF /* PickLocationRouter.swift in Sources */ = {isa = PBXBuildFile; fileRef = 2FFAE70D2546F91600B928CF /* PickLocationRouter.swift */; };
		4FCE7620D89E4ABB6CD73D8C /* Pods_fishapp.framework in Frameworks */ = {isa = PBXBuildFile; fileRef = 2383300974FF113C629B4DCB /* Pods_fishapp.framework */; };
		C71DAE8793713157543FD5AC /* Pods_fishappTests.framework in Frameworks */ = {isa = PBXBuildFile; fileRef = 6FD8317868B97422D9EDC333 /* Pods_fishappTests.framework */; };
/* End PBXBuildFile section */

/* Begin PBXContainerItemProxy section */
		2F4EDAD4253E100000C5839C /* PBXContainerItemProxy */ = {
			isa = PBXContainerItemProxy;
			containerPortal = 2F4EDA81253C3BFC00C5839C /* Project object */;
			proxyType = 1;
			remoteGlobalIDString = 2F4EDA88253C3BFC00C5839C;
			remoteInfo = fishapp;
		};
/* End PBXContainerItemProxy section */

/* Begin PBXCopyFilesBuildPhase section */
		2FFADEA62576179600AC906C /* Embed Frameworks */ = {
			isa = PBXCopyFilesBuildPhase;
			buildActionMask = 2147483647;
			dstPath = "";
			dstSubfolderSpec = 10;
			files = (
				2FFADEA52576179600AC906C /* Feuerlib.framework in Embed Frameworks */,
			);
			name = "Embed Frameworks";
			runOnlyForDeploymentPostprocessing = 0;
		};
/* End PBXCopyFilesBuildPhase section */

/* Begin PBXFileReference section */
		2383300974FF113C629B4DCB /* Pods_fishapp.framework */ = {isa = PBXFileReference; explicitFileType = wrapper.framework; includeInIndex = 0; path = Pods_fishapp.framework; sourceTree = BUILT_PRODUCTS_DIR; };
		2F11E7D42562C3FC005A13A6 /* Constants.swift */ = {isa = PBXFileReference; lastKnownFileType = sourcecode.swift; path = Constants.swift; sourceTree = "<group>"; };
		2F20E54F2541993500AFF548 /* GBIFResponse.swift */ = {isa = PBXFileReference; lastKnownFileType = sourcecode.swift; path = GBIFResponse.swift; sourceTree = "<group>"; };
		2F42ED3E25A9636F00136F90 /* FamilyDetailInformationViewController.swift */ = {isa = PBXFileReference; lastKnownFileType = sourcecode.swift; path = FamilyDetailInformationViewController.swift; sourceTree = "<group>"; };
		2F42ED3F25A9636F00136F90 /* FamilyDetailInformationViewController.xib */ = {isa = PBXFileReference; lastKnownFileType = file.xib; path = FamilyDetailInformationViewController.xib; sourceTree = "<group>"; };
		2F42ED4425A963CA00136F90 /* FamilyDetailSpeciesListTableViewController.swift */ = {isa = PBXFileReference; lastKnownFileType = sourcecode.swift; path = FamilyDetailSpeciesListTableViewController.swift; sourceTree = "<group>"; };
		2F42ED4525A963CA00136F90 /* FamilyDetailSpeciesListTableViewController.xib */ = {isa = PBXFileReference; lastKnownFileType = file.xib; path = FamilyDetailSpeciesListTableViewController.xib; sourceTree = "<group>"; };
		2F42ED4925A9647700136F90 /* FamilyDetailDangerViewController.swift */ = {isa = PBXFileReference; lastKnownFileType = sourcecode.swift; path = FamilyDetailDangerViewController.swift; sourceTree = "<group>"; };
		2F42ED4A25A9647700136F90 /* FamilyDetailDangerViewController.xib */ = {isa = PBXFileReference; lastKnownFileType = file.xib; path = FamilyDetailDangerViewController.xib; sourceTree = "<group>"; };
		2F42ED5325A97EEE00136F90 /* LoadDescriptionService.swift */ = {isa = PBXFileReference; lastKnownFileType = sourcecode.swift; path = LoadDescriptionService.swift; sourceTree = "<group>"; };
		2F42ED5625A9801200136F90 /* WikiDescriptionService.swift */ = {isa = PBXFileReference; lastKnownFileType = sourcecode.swift; path = WikiDescriptionService.swift; sourceTree = "<group>"; };
		2F42ED5925A9887900136F90 /* FamilyDetailTabBarController.swift */ = {isa = PBXFileReference; lastKnownFileType = sourcecode.swift; path = FamilyDetailTabBarController.swift; sourceTree = "<group>"; };
		2F42ED5F25A989E300136F90 /* FamilyDetailSpeciesListCell.swift */ = {isa = PBXFileReference; lastKnownFileType = sourcecode.swift; path = FamilyDetailSpeciesListCell.swift; sourceTree = "<group>"; };
		2F42ED6025A989E300136F90 /* FamilyDetailSpeciesListCell.xib */ = {isa = PBXFileReference; lastKnownFileType = file.xib; path = FamilyDetailSpeciesListCell.xib; sourceTree = "<group>"; };
		2F4CA992254AA452006D6121 /* OBISService.swift */ = {isa = PBXFileReference; fileEncoding = 4; lastKnownFileType = sourcecode.swift; path = OBISService.swift; sourceTree = "<group>"; };
		2F4CA996254AA594006D6121 /* OBISResponse.swift */ = {isa = PBXFileReference; lastKnownFileType = sourcecode.swift; path = OBISResponse.swift; sourceTree = "<group>"; };
		2F4EDA89253C3BFC00C5839C /* big-pond.app */ = {isa = PBXFileReference; explicitFileType = wrapper.application; includeInIndex = 0; path = "big-pond.app"; sourceTree = BUILT_PRODUCTS_DIR; };
		2F4EDA8C253C3BFC00C5839C /* AppDelegate.swift */ = {isa = PBXFileReference; lastKnownFileType = sourcecode.swift; path = AppDelegate.swift; sourceTree = "<group>"; };
		2F4EDA95253C3BFD00C5839C /* Assets.xcassets */ = {isa = PBXFileReference; lastKnownFileType = folder.assetcatalog; path = Assets.xcassets; sourceTree = "<group>"; };
		2F4EDA98253C3BFD00C5839C /* Base */ = {isa = PBXFileReference; lastKnownFileType = file.storyboard; name = Base; path = Base.lproj/LaunchScreen.storyboard; sourceTree = "<group>"; };
		2F4EDA9A253C3BFD00C5839C /* Info.plist */ = {isa = PBXFileReference; lastKnownFileType = text.plist.xml; path = Info.plist; sourceTree = "<group>"; };
		2F4EDACF253E100000C5839C /* big-pondTests.xctest */ = {isa = PBXFileReference; explicitFileType = wrapper.cfbundle; includeInIndex = 0; path = "big-pondTests.xctest"; sourceTree = BUILT_PRODUCTS_DIR; };
		2F4EDAD3253E100000C5839C /* Info.plist */ = {isa = PBXFileReference; lastKnownFileType = text.plist.xml; path = Info.plist; sourceTree = "<group>"; };
		2F4EDAE3253EF95000C5839C /* PickByCoordinateViewControllerTest.swift */ = {isa = PBXFileReference; lastKnownFileType = sourcecode.swift; path = PickByCoordinateViewControllerTest.swift; sourceTree = "<group>"; };
		2F4EDAF72540039500C5839C /* Family.swift */ = {isa = PBXFileReference; lastKnownFileType = sourcecode.swift; path = Family.swift; sourceTree = "<group>"; };
		2F4EDAFB254007BE00C5839C /* GBIFManager.swift */ = {isa = PBXFileReference; lastKnownFileType = sourcecode.swift; path = GBIFManager.swift; sourceTree = "<group>"; };
		2F5120CC256E80C300715612 /* LoadVernacularService.swift */ = {isa = PBXFileReference; lastKnownFileType = sourcecode.swift; path = LoadVernacularService.swift; sourceTree = "<group>"; };
		2F5120D0256E9BD000715612 /* FamilyListLoadingView.swift */ = {isa = PBXFileReference; lastKnownFileType = sourcecode.swift; path = FamilyListLoadingView.swift; sourceTree = "<group>"; };
		2F5120D4256E9BE800715612 /* FamilyListLoadingView.xib */ = {isa = PBXFileReference; lastKnownFileType = file.xib; path = FamilyListLoadingView.xib; sourceTree = "<group>"; };
		2F7F370C25622C2300DBF6ED /* WikiPhotoURLService.swift */ = {isa = PBXFileReference; lastKnownFileType = sourcecode.swift; path = WikiPhotoURLService.swift; sourceTree = "<group>"; };
		2F84D664254954E900FCAB65 /* PickLocationPresenter.swift */ = {isa = PBXFileReference; lastKnownFileType = sourcecode.swift; path = PickLocationPresenter.swift; sourceTree = "<group>"; };
		2F84D66E2549583D00FCAB65 /* Location.swift */ = {isa = PBXFileReference; lastKnownFileType = sourcecode.swift; path = Location.swift; sourceTree = "<group>"; };
		2F84D67225495BD100FCAB65 /* AnimalListRouter.swift */ = {isa = PBXFileReference; lastKnownFileType = sourcecode.swift; path = AnimalListRouter.swift; sourceTree = "<group>"; };
		2F84D67625495DF000FCAB65 /* FamilyListPresenter.swift */ = {isa = PBXFileReference; lastKnownFileType = sourcecode.swift; path = FamilyListPresenter.swift; sourceTree = "<group>"; };
		2F84D67A25495E0E00FCAB65 /* FamilyListInteractor.swift */ = {isa = PBXFileReference; lastKnownFileType = sourcecode.swift; path = FamilyListInteractor.swift; sourceTree = "<group>"; };
		2F9A5BC02591FD0200DD8BE6 /* FamilyListHeader.xib */ = {isa = PBXFileReference; lastKnownFileType = file.xib; path = FamilyListHeader.xib; sourceTree = "<group>"; };
		2F9A5BC32592002500DD8BE6 /* FamilyListHeader.swift */ = {isa = PBXFileReference; lastKnownFileType = sourcecode.swift; path = FamilyListHeader.swift; sourceTree = "<group>"; };
		2FABEEBE25A35C9100F4C85A /* GoogleService-Info.plist */ = {isa = PBXFileReference; fileEncoding = 4; lastKnownFileType = text.plist.xml; name = "GoogleService-Info.plist"; path = "../../../../../../../Downloads/GoogleService-Info.plist"; sourceTree = "<group>"; };
		2FB9B72A25480B200064E244 /* PickLocationViewController.swift */ = {isa = PBXFileReference; lastKnownFileType = sourcecode.swift; path = PickLocationViewController.swift; sourceTree = "<group>"; };
		2FB9B72E25480B530064E244 /* PickLocationView.xib */ = {isa = PBXFileReference; lastKnownFileType = file.xib; path = PickLocationView.xib; sourceTree = "<group>"; };
		2FC01C922552C49300EDC211 /* AnimalDetailRouter.swift */ = {isa = PBXFileReference; fileEncoding = 4; lastKnownFileType = sourcecode.swift; path = AnimalDetailRouter.swift; sourceTree = "<group>"; };
		2FC01C9A2552C59800EDC211 /* FamilyDetailPresenter.swift */ = {isa = PBXFileReference; lastKnownFileType = sourcecode.swift; path = FamilyDetailPresenter.swift; sourceTree = "<group>"; };
		2FC8B78C259A6E750096862A /* InfoView.xib */ = {isa = PBXFileReference; lastKnownFileType = file.xib; path = InfoView.xib; sourceTree = "<group>"; };
		2FC8B78F259A6E930096862A /* InfoViewController.swift */ = {isa = PBXFileReference; lastKnownFileType = sourcecode.swift; path = InfoViewController.swift; sourceTree = "<group>"; };
		2FDEF1A0256E66E4004DDB9B /* UIDocumentImageView.swift */ = {isa = PBXFileReference; lastKnownFileType = sourcecode.swift; path = UIDocumentImageView.swift; sourceTree = "<group>"; };
		2FDEF3D4256A63510078550D /* LoadPhotoService.swift */ = {isa = PBXFileReference; lastKnownFileType = sourcecode.swift; path = LoadPhotoService.swift; sourceTree = "<group>"; };
		2FDEF3D8256A72730078550D /* FamilyDetailInteractor.swift */ = {isa = PBXFileReference; lastKnownFileType = sourcecode.swift; path = FamilyDetailInteractor.swift; sourceTree = "<group>"; };
		2FE06BED254FF871002213BE /* WORMSService.swift */ = {isa = PBXFileReference; lastKnownFileType = sourcecode.swift; path = WORMSService.swift; sourceTree = "<group>"; };
		2FE06BF1254FF984002213BE /* WORMSResponse.swift */ = {isa = PBXFileReference; lastKnownFileType = sourcecode.swift; path = WORMSResponse.swift; sourceTree = "<group>"; };
		2FE5B06025AC2AAA00B37335 /* Danger.swift */ = {isa = PBXFileReference; lastKnownFileType = sourcecode.swift; path = Danger.swift; sourceTree = "<group>"; };
		2FE7F90C255A8B3100FE7D1E /* FamilyListCollectionViewController.swift */ = {isa = PBXFileReference; lastKnownFileType = sourcecode.swift; path = FamilyListCollectionViewController.swift; sourceTree = "<group>"; };
		2FE7F916255A920D00FE7D1E /* FamilyListCell.xib */ = {isa = PBXFileReference; lastKnownFileType = file.xib; path = FamilyListCell.xib; sourceTree = "<group>"; };
		2FE7F91A255A924E00FE7D1E /* FamilyListCell.swift */ = {isa = PBXFileReference; lastKnownFileType = sourcecode.swift; path = FamilyListCell.swift; sourceTree = "<group>"; };
		2FEB300F254AD2FE0032D178 /* JSONWebService.swift */ = {isa = PBXFileReference; lastKnownFileType = sourcecode.swift; path = JSONWebService.swift; sourceTree = "<group>"; };
		2FFADEA32576179600AC906C /* Feuerlib.framework */ = {isa = PBXFileReference; explicitFileType = wrapper.framework; path = Feuerlib.framework; sourceTree = BUILT_PRODUCTS_DIR; };
		2FFAE70D2546F91600B928CF /* PickLocationRouter.swift */ = {isa = PBXFileReference; lastKnownFileType = sourcecode.swift; path = PickLocationRouter.swift; sourceTree = "<group>"; };
		5C58029826E1B7AED9E038A0 /* Pods-fishapp.release.xcconfig */ = {isa = PBXFileReference; includeInIndex = 1; lastKnownFileType = text.xcconfig; name = "Pods-fishapp.release.xcconfig"; path = "Target Support Files/Pods-fishapp/Pods-fishapp.release.xcconfig"; sourceTree = "<group>"; };
		6FD8317868B97422D9EDC333 /* Pods_fishappTests.framework */ = {isa = PBXFileReference; explicitFileType = wrapper.framework; includeInIndex = 0; path = Pods_fishappTests.framework; sourceTree = BUILT_PRODUCTS_DIR; };
		90B611E65723748F78D948D2 /* Pods-fishapp.debug.xcconfig */ = {isa = PBXFileReference; includeInIndex = 1; lastKnownFileType = text.xcconfig; name = "Pods-fishapp.debug.xcconfig"; path = "Target Support Files/Pods-fishapp/Pods-fishapp.debug.xcconfig"; sourceTree = "<group>"; };
		CB27854BCD4F23F6F1846F94 /* Pods-fishappTests.release.xcconfig */ = {isa = PBXFileReference; includeInIndex = 1; lastKnownFileType = text.xcconfig; name = "Pods-fishappTests.release.xcconfig"; path = "Target Support Files/Pods-fishappTests/Pods-fishappTests.release.xcconfig"; sourceTree = "<group>"; };
		CC87A5D5B1142BCB03060F7A /* Pods-fishappTests.debug.xcconfig */ = {isa = PBXFileReference; includeInIndex = 1; lastKnownFileType = text.xcconfig; name = "Pods-fishappTests.debug.xcconfig"; path = "Target Support Files/Pods-fishappTests/Pods-fishappTests.debug.xcconfig"; sourceTree = "<group>"; };
/* End PBXFileReference section */

/* Begin PBXFrameworksBuildPhase section */
		2F4EDA86253C3BFC00C5839C /* Frameworks */ = {
			isa = PBXFrameworksBuildPhase;
			buildActionMask = 2147483647;
			files = (
				2FFADEA42576179600AC906C /* Feuerlib.framework in Frameworks */,
				4FCE7620D89E4ABB6CD73D8C /* Pods_fishapp.framework in Frameworks */,
			);
			runOnlyForDeploymentPostprocessing = 0;
		};
		2F4EDACC253E100000C5839C /* Frameworks */ = {
			isa = PBXFrameworksBuildPhase;
			buildActionMask = 2147483647;
			files = (
				C71DAE8793713157543FD5AC /* Pods_fishappTests.framework in Frameworks */,
			);
			runOnlyForDeploymentPostprocessing = 0;
		};
/* End PBXFrameworksBuildPhase section */

/* Begin PBXGroup section */
		2F192F672549424800481573 /* Routing */ = {
			isa = PBXGroup;
			children = (
				2FFAE70D2546F91600B928CF /* PickLocationRouter.swift */,
				2F84D67225495BD100FCAB65 /* AnimalListRouter.swift */,
				2FC01C922552C49300EDC211 /* AnimalDetailRouter.swift */,
			);
			path = Routing;
			sourceTree = "<group>";
		};
		2F192F6C2549429200481573 /* Presenter */ = {
			isa = PBXGroup;
			children = (
				2F84D664254954E900FCAB65 /* PickLocationPresenter.swift */,
				2F84D67625495DF000FCAB65 /* FamilyListPresenter.swift */,
				2FC01C9A2552C59800EDC211 /* FamilyDetailPresenter.swift */,
			);
			path = Presenter;
			sourceTree = "<group>";
		};
		2F192F6F254942D100481573 /* Services */ = {
			isa = PBXGroup;
			children = (
				2FE06BED254FF871002213BE /* WORMSService.swift */,
				2FE06BF1254FF984002213BE /* WORMSResponse.swift */,
				2F4CA992254AA452006D6121 /* OBISService.swift */,
				2F4CA996254AA594006D6121 /* OBISResponse.swift */,
				2F4EDAFB254007BE00C5839C /* GBIFManager.swift */,
				2F20E54F2541993500AFF548 /* GBIFResponse.swift */,
				2F7F370C25622C2300DBF6ED /* WikiPhotoURLService.swift */,
				2FEB300F254AD2FE0032D178 /* JSONWebService.swift */,
				2FDEF3D4256A63510078550D /* LoadPhotoService.swift */,
				2F5120CC256E80C300715612 /* LoadVernacularService.swift */,
				2F42ED5325A97EEE00136F90 /* LoadDescriptionService.swift */,
				2F42ED5625A9801200136F90 /* WikiDescriptionService.swift */,
			);
			path = Services;
			sourceTree = "<group>";
		};
		2F20E53225402EB300AFF548 /* Main */ = {
			isa = PBXGroup;
			children = (
				2F4EDA8C253C3BFC00C5839C /* AppDelegate.swift */,
				2F11E7D42562C3FC005A13A6 /* Constants.swift */,
				2FDEF1A0256E66E4004DDB9B /* UIDocumentImageView.swift */,
			);
			path = Main;
			sourceTree = "<group>";
		};
		2F20E53325402ED300AFF548 /* Resources */ = {
			isa = PBXGroup;
			children = (
				2FABEEBE25A35C9100F4C85A /* GoogleService-Info.plist */,
				2F4EDA9A253C3BFD00C5839C /* Info.plist */,
				2F4EDA97253C3BFD00C5839C /* LaunchScreen.storyboard */,
				2F4EDA95253C3BFD00C5839C /* Assets.xcassets */,
			);
			path = Resources;
			sourceTree = "<group>";
		};
		2F20E53425402EE700AFF548 /* Entities */ = {
			isa = PBXGroup;
			children = (
				2F4EDAF72540039500C5839C /* Family.swift */,
				2F84D66E2549583D00FCAB65 /* Location.swift */,
				2FE5B06025AC2AAA00B37335 /* Danger.swift */,
			);
			path = Entities;
			sourceTree = "<group>";
		};
		2F20E53525402F2800AFF548 /* Interactor */ = {
			isa = PBXGroup;
			children = (
				2F84D67A25495E0E00FCAB65 /* FamilyListInteractor.swift */,
				2FDEF3D8256A72730078550D /* FamilyDetailInteractor.swift */,
			);
			path = Interactor;
			sourceTree = "<group>";
		};
		2F20E53625402F3300AFF548 /* View */ = {
			isa = PBXGroup;
			children = (
				2F42ED3925A962BE00136F90 /* PickLocation */,
				2F42ED3A25A962D500136F90 /* FamilyList */,
				2F42ED3B25A962F600136F90 /* FamilyDetail */,
				2F42ED3D25A9632300136F90 /* Info */,
			);
			path = View;
			sourceTree = "<group>";
		};
		2F42ED3925A962BE00136F90 /* PickLocation */ = {
			isa = PBXGroup;
			children = (
				2FB9B72A25480B200064E244 /* PickLocationViewController.swift */,
				2FB9B72E25480B530064E244 /* PickLocationView.xib */,
			);
			path = PickLocation;
			sourceTree = "<group>";
		};
		2F42ED3A25A962D500136F90 /* FamilyList */ = {
			isa = PBXGroup;
			children = (
				2FE7F90C255A8B3100FE7D1E /* FamilyListCollectionViewController.swift */,
				2FE7F91A255A924E00FE7D1E /* FamilyListCell.swift */,
				2FE7F916255A920D00FE7D1E /* FamilyListCell.xib */,
				2F9A5BC02591FD0200DD8BE6 /* FamilyListHeader.xib */,
				2F9A5BC32592002500DD8BE6 /* FamilyListHeader.swift */,
				2F5120D0256E9BD000715612 /* FamilyListLoadingView.swift */,
				2F5120D4256E9BE800715612 /* FamilyListLoadingView.xib */,
			);
			path = FamilyList;
			sourceTree = "<group>";
		};
		2F42ED3B25A962F600136F90 /* FamilyDetail */ = {
			isa = PBXGroup;
			children = (
				2F42ED5925A9887900136F90 /* FamilyDetailTabBarController.swift */,
				2F42ED3E25A9636F00136F90 /* FamilyDetailInformationViewController.swift */,
				2F42ED3F25A9636F00136F90 /* FamilyDetailInformationViewController.xib */,
				2F42ED4425A963CA00136F90 /* FamilyDetailSpeciesListTableViewController.swift */,
				2F42ED4525A963CA00136F90 /* FamilyDetailSpeciesListTableViewController.xib */,
				2F42ED5F25A989E300136F90 /* FamilyDetailSpeciesListCell.swift */,
				2F42ED6025A989E300136F90 /* FamilyDetailSpeciesListCell.xib */,
				2F42ED4925A9647700136F90 /* FamilyDetailDangerViewController.swift */,
				2F42ED4A25A9647700136F90 /* FamilyDetailDangerViewController.xib */,
			);
			path = FamilyDetail;
			sourceTree = "<group>";
		};
		2F42ED3D25A9632300136F90 /* Info */ = {
			isa = PBXGroup;
			children = (
				2FC8B78C259A6E750096862A /* InfoView.xib */,
				2FC8B78F259A6E930096862A /* InfoViewController.swift */,
			);
			path = Info;
			sourceTree = "<group>";
		};
		2F4EDA80253C3BFC00C5839C = {
			isa = PBXGroup;
			children = (
				2F4EDA8B253C3BFC00C5839C /* fishapp */,
				2F4EDAD0253E100000C5839C /* fishappTests */,
				2F4EDA8A253C3BFC00C5839C /* Products */,
				B224D84093E22DC099C2669A /* Pods */,
				89765AF633454FF28EFECBED /* Frameworks */,
			);
			sourceTree = "<group>";
		};
		2F4EDA8A253C3BFC00C5839C /* Products */ = {
			isa = PBXGroup;
			children = (
				2F4EDA89253C3BFC00C5839C /* big-pond.app */,
				2F4EDACF253E100000C5839C /* big-pondTests.xctest */,
			);
			name = Products;
			sourceTree = "<group>";
		};
		2F4EDA8B253C3BFC00C5839C /* fishapp */ = {
			isa = PBXGroup;
			children = (
				2F20E53625402F3300AFF548 /* View */,
				2F192F6C2549429200481573 /* Presenter */,
				2F20E53525402F2800AFF548 /* Interactor */,
				2F192F672549424800481573 /* Routing */,
				2F20E53425402EE700AFF548 /* Entities */,
				2F20E53225402EB300AFF548 /* Main */,
				2F192F6F254942D100481573 /* Services */,
				2F20E53325402ED300AFF548 /* Resources */,
			);
			path = fishapp;
			sourceTree = "<group>";
		};
		2F4EDAD0253E100000C5839C /* fishappTests */ = {
			isa = PBXGroup;
			children = (
				2F4EDAD3253E100000C5839C /* Info.plist */,
				2F4EDAE3253EF95000C5839C /* PickByCoordinateViewControllerTest.swift */,
			);
			path = fishappTests;
			sourceTree = "<group>";
		};
		89765AF633454FF28EFECBED /* Frameworks */ = {
			isa = PBXGroup;
			children = (
				2FFADEA32576179600AC906C /* Feuerlib.framework */,
				2383300974FF113C629B4DCB /* Pods_fishapp.framework */,
				6FD8317868B97422D9EDC333 /* Pods_fishappTests.framework */,
			);
			name = Frameworks;
			sourceTree = "<group>";
		};
		B224D84093E22DC099C2669A /* Pods */ = {
			isa = PBXGroup;
			children = (
				90B611E65723748F78D948D2 /* Pods-fishapp.debug.xcconfig */,
				5C58029826E1B7AED9E038A0 /* Pods-fishapp.release.xcconfig */,
				CC87A5D5B1142BCB03060F7A /* Pods-fishappTests.debug.xcconfig */,
				CB27854BCD4F23F6F1846F94 /* Pods-fishappTests.release.xcconfig */,
			);
			path = Pods;
			sourceTree = "<group>";
		};
/* End PBXGroup section */

/* Begin PBXNativeTarget section */
		2F4EDA88253C3BFC00C5839C /* big-pond */ = {
			isa = PBXNativeTarget;
			buildConfigurationList = 2F4EDA9D253C3BFD00C5839C /* Build configuration list for PBXNativeTarget "big-pond" */;
			buildPhases = (
				C0487AE9BA0F0C2A4394589D /* [CP] Check Pods Manifest.lock */,
				2F4EDA85253C3BFC00C5839C /* Sources */,
				2F4EDA86253C3BFC00C5839C /* Frameworks */,
				2F4EDA87253C3BFC00C5839C /* Resources */,
				A535CCE6860D9F8A79CFD7CC /* [CP] Embed Pods Frameworks */,
				2FFADEA62576179600AC906C /* Embed Frameworks */,
				2FABEEE025A36FE300F4C85A /* ShellScript */,
			);
			buildRules = (
			);
			dependencies = (
			);
			name = "big-pond";
			productName = fishapp;
			productReference = 2F4EDA89253C3BFC00C5839C /* big-pond.app */;
			productType = "com.apple.product-type.application";
		};
		2F4EDACE253E100000C5839C /* big-pondTests */ = {
			isa = PBXNativeTarget;
			buildConfigurationList = 2F4EDAD6253E100000C5839C /* Build configuration list for PBXNativeTarget "big-pondTests" */;
			buildPhases = (
				1CBFE472FA6F08FE22701842 /* [CP] Check Pods Manifest.lock */,
				2F4EDACB253E100000C5839C /* Sources */,
				2F4EDACC253E100000C5839C /* Frameworks */,
				2F4EDACD253E100000C5839C /* Resources */,
			);
			buildRules = (
			);
			dependencies = (
				2F4EDAD5253E100000C5839C /* PBXTargetDependency */,
			);
			name = "big-pondTests";
			productName = fishappTests;
			productReference = 2F4EDACF253E100000C5839C /* big-pondTests.xctest */;
			productType = "com.apple.product-type.bundle.unit-test";
		};
/* End PBXNativeTarget section */

/* Begin PBXProject section */
		2F4EDA81253C3BFC00C5839C /* Project object */ = {
			isa = PBXProject;
			attributes = {
				LastSwiftUpdateCheck = 1200;
				LastUpgradeCheck = 1200;
				TargetAttributes = {
					2F4EDA88253C3BFC00C5839C = {
						CreatedOnToolsVersion = 12.0.1;
						LastSwiftMigration = 1210;
					};
					2F4EDACE253E100000C5839C = {
						CreatedOnToolsVersion = 12.0.1;
						TestTargetID = 2F4EDA88253C3BFC00C5839C;
					};
				};
			};
			buildConfigurationList = 2F4EDA84253C3BFC00C5839C /* Build configuration list for PBXProject "big-pond" */;
			compatibilityVersion = "Xcode 9.3";
			developmentRegion = en;
			hasScannedForEncodings = 0;
			knownRegions = (
				en,
				Base,
			);
			mainGroup = 2F4EDA80253C3BFC00C5839C;
			productRefGroup = 2F4EDA8A253C3BFC00C5839C /* Products */;
			projectDirPath = "";
			projectRoot = "";
			targets = (
				2F4EDA88253C3BFC00C5839C /* big-pond */,
				2F4EDACE253E100000C5839C /* big-pondTests */,
			);
		};
/* End PBXProject section */

/* Begin PBXResourcesBuildPhase section */
		2F4EDA87253C3BFC00C5839C /* Resources */ = {
			isa = PBXResourcesBuildPhase;
			buildActionMask = 2147483647;
			files = (
				2F42ED4C25A9647700136F90 /* FamilyDetailDangerViewController.xib in Resources */,
				2FE7F917255A920D00FE7D1E /* FamilyListCell.xib in Resources */,
				2FB9B72F25480B530064E244 /* PickLocationView.xib in Resources */,
				2F4EDA99253C3BFD00C5839C /* LaunchScreen.storyboard in Resources */,
				2F42ED4725A963CA00136F90 /* FamilyDetailSpeciesListTableViewController.xib in Resources */,
				2F42ED4125A9636F00136F90 /* FamilyDetailInformationViewController.xib in Resources */,
				2FC8B78D259A6E750096862A /* InfoView.xib in Resources */,
				2F42ED6225A989E300136F90 /* FamilyDetailSpeciesListCell.xib in Resources */,
				2F4EDA96253C3BFD00C5839C /* Assets.xcassets in Resources */,
				2F9A5BC12591FD0200DD8BE6 /* FamilyListHeader.xib in Resources */,
				2F5120D5256E9BE800715612 /* FamilyListLoadingView.xib in Resources */,
				2FABEEBF25A35C9100F4C85A /* GoogleService-Info.plist in Resources */,
			);
			runOnlyForDeploymentPostprocessing = 0;
		};
		2F4EDACD253E100000C5839C /* Resources */ = {
			isa = PBXResourcesBuildPhase;
			buildActionMask = 2147483647;
			files = (
			);
			runOnlyForDeploymentPostprocessing = 0;
		};
/* End PBXResourcesBuildPhase section */

/* Begin PBXShellScriptBuildPhase section */
		1CBFE472FA6F08FE22701842 /* [CP] Check Pods Manifest.lock */ = {
			isa = PBXShellScriptBuildPhase;
			buildActionMask = 2147483647;
			files = (
			);
			inputFileListPaths = (
			);
			inputPaths = (
				"${PODS_PODFILE_DIR_PATH}/Podfile.lock",
				"${PODS_ROOT}/Manifest.lock",
			);
			name = "[CP] Check Pods Manifest.lock";
			outputFileListPaths = (
			);
			outputPaths = (
				"$(DERIVED_FILE_DIR)/Pods-fishappTests-checkManifestLockResult.txt",
			);
			runOnlyForDeploymentPostprocessing = 0;
			shellPath = /bin/sh;
			shellScript = "diff \"${PODS_PODFILE_DIR_PATH}/Podfile.lock\" \"${PODS_ROOT}/Manifest.lock\" > /dev/null\nif [ $? != 0 ] ; then\n    # print error to STDERR\n    echo \"error: The sandbox is not in sync with the Podfile.lock. Run 'pod install' or update your CocoaPods installation.\" >&2\n    exit 1\nfi\n# This output is used by Xcode 'outputs' to avoid re-running this script phase.\necho \"SUCCESS\" > \"${SCRIPT_OUTPUT_FILE_0}\"\n";
			showEnvVarsInLog = 0;
		};
		2FABEEE025A36FE300F4C85A /* ShellScript */ = {
			isa = PBXShellScriptBuildPhase;
			buildActionMask = 2147483647;
			files = (
			);
			inputFileListPaths = (
			);
			inputPaths = (
				"${DWARF_DSYM_FOLDER_PATH}/${DWARF_DSYM_FILE_NAME}/Contents/Resources/DWARF/${TARGET_NAME}",
				"$(SRCROOT)/$(BUILT_PRODUCTS_DIR)/$(INFOPLIST_PATH)\n",
			);
			outputFileListPaths = (
			);
			outputPaths = (
			);
			runOnlyForDeploymentPostprocessing = 0;
			shellPath = /bin/sh;
			shellScript = "\"${PODS_ROOT}/FirebaseCrashlytics/run\"\n";
		};
		A535CCE6860D9F8A79CFD7CC /* [CP] Embed Pods Frameworks */ = {
			isa = PBXShellScriptBuildPhase;
			buildActionMask = 2147483647;
			files = (
			);
			inputFileListPaths = (
				"${PODS_ROOT}/Target Support Files/Pods-fishapp/Pods-fishapp-frameworks-${CONFIGURATION}-input-files.xcfilelist",
			);
			name = "[CP] Embed Pods Frameworks";
			outputFileListPaths = (
				"${PODS_ROOT}/Target Support Files/Pods-fishapp/Pods-fishapp-frameworks-${CONFIGURATION}-output-files.xcfilelist",
			);
			runOnlyForDeploymentPostprocessing = 0;
			shellPath = /bin/sh;
			shellScript = "\"${PODS_ROOT}/Target Support Files/Pods-fishapp/Pods-fishapp-frameworks.sh\"\n";
			showEnvVarsInLog = 0;
		};
		C0487AE9BA0F0C2A4394589D /* [CP] Check Pods Manifest.lock */ = {
			isa = PBXShellScriptBuildPhase;
			buildActionMask = 2147483647;
			files = (
			);
			inputFileListPaths = (
			);
			inputPaths = (
				"${PODS_PODFILE_DIR_PATH}/Podfile.lock",
				"${PODS_ROOT}/Manifest.lock",
			);
			name = "[CP] Check Pods Manifest.lock";
			outputFileListPaths = (
			);
			outputPaths = (
				"$(DERIVED_FILE_DIR)/Pods-fishapp-checkManifestLockResult.txt",
			);
			runOnlyForDeploymentPostprocessing = 0;
			shellPath = /bin/sh;
			shellScript = "diff \"${PODS_PODFILE_DIR_PATH}/Podfile.lock\" \"${PODS_ROOT}/Manifest.lock\" > /dev/null\nif [ $? != 0 ] ; then\n    # print error to STDERR\n    echo \"error: The sandbox is not in sync with the Podfile.lock. Run 'pod install' or update your CocoaPods installation.\" >&2\n    exit 1\nfi\n# This output is used by Xcode 'outputs' to avoid re-running this script phase.\necho \"SUCCESS\" > \"${SCRIPT_OUTPUT_FILE_0}\"\n";
			showEnvVarsInLog = 0;
		};
/* End PBXShellScriptBuildPhase section */

/* Begin PBXSourcesBuildPhase section */
		2F4EDA85253C3BFC00C5839C /* Sources */ = {
			isa = PBXSourcesBuildPhase;
			buildActionMask = 2147483647;
			files = (
				2F42ED4025A9636F00136F90 /* FamilyDetailInformationViewController.swift in Sources */,
				2FC01C9B2552C59800EDC211 /* FamilyDetailPresenter.swift in Sources */,
				2F4EDA8D253C3BFC00C5839C /* AppDelegate.swift in Sources */,
				2F20E5502541993500AFF548 /* GBIFResponse.swift in Sources */,
				2FDEF3D9256A72730078550D /* FamilyDetailInteractor.swift in Sources */,
				2FE7F91B255A924E00FE7D1E /* FamilyListCell.swift in Sources */,
				2FC8B790259A6E930096862A /* InfoViewController.swift in Sources */,
				2F42ED6125A989E300136F90 /* FamilyDetailSpeciesListCell.swift in Sources */,
				2F4EDAF82540039500C5839C /* Family.swift in Sources */,
				2FE06BF2254FF984002213BE /* WORMSResponse.swift in Sources */,
				2F84D665254954E900FCAB65 /* PickLocationPresenter.swift in Sources */,
				2FE7F90D255A8B3100FE7D1E /* FamilyListCollectionViewController.swift in Sources */,
				2F84D66F2549583D00FCAB65 /* Location.swift in Sources */,
				2F42ED5425A97EEE00136F90 /* LoadDescriptionService.swift in Sources */,
				2FE06BEE254FF871002213BE /* WORMSService.swift in Sources */,
				2FC01C932552C49300EDC211 /* AnimalDetailRouter.swift in Sources */,
				2F84D67325495BD100FCAB65 /* AnimalListRouter.swift in Sources */,
				2F7F370D25622C2300DBF6ED /* WikiPhotoURLService.swift in Sources */,
				2FDEF1A1256E66E4004DDB9B /* UIDocumentImageView.swift in Sources */,
				2F42ED5725A9801200136F90 /* WikiDescriptionService.swift in Sources */,
				2F42ED5A25A9887900136F90 /* FamilyDetailTabBarController.swift in Sources */,
				2F84D67725495DF000FCAB65 /* FamilyListPresenter.swift in Sources */,
				2F4CA993254AA452006D6121 /* OBISService.swift in Sources */,
				2F84D67B25495E0E00FCAB65 /* FamilyListInteractor.swift in Sources */,
				2FEB3010254AD2FE0032D178 /* JSONWebService.swift in Sources */,
				2F42ED4B25A9647700136F90 /* FamilyDetailDangerViewController.swift in Sources */,
				2FB9B72B25480B200064E244 /* PickLocationViewController.swift in Sources */,
				2F4CA997254AA594006D6121 /* OBISResponse.swift in Sources */,
				2F5120CD256E80C300715612 /* LoadVernacularService.swift in Sources */,
				2F42ED4625A963CA00136F90 /* FamilyDetailSpeciesListTableViewController.swift in Sources */,
				2F5120D1256E9BD000715612 /* FamilyListLoadingView.swift in Sources */,
				2FFAE70E2546F91600B928CF /* PickLocationRouter.swift in Sources */,
				2FE5B06125AC2AAA00B37335 /* Danger.swift in Sources */,
				2F4EDAFC254007BE00C5839C /* GBIFManager.swift in Sources */,
				2FDEF3D5256A63510078550D /* LoadPhotoService.swift in Sources */,
				2F9A5BC42592002500DD8BE6 /* FamilyListHeader.swift in Sources */,
				2F11E7D52562C3FC005A13A6 /* Constants.swift in Sources */,
			);
			runOnlyForDeploymentPostprocessing = 0;
		};
		2F4EDACB253E100000C5839C /* Sources */ = {
			isa = PBXSourcesBuildPhase;
			buildActionMask = 2147483647;
			files = (
				2F4EDAE4253EF95000C5839C /* PickByCoordinateViewControllerTest.swift in Sources */,
			);
			runOnlyForDeploymentPostprocessing = 0;
		};
/* End PBXSourcesBuildPhase section */

/* Begin PBXTargetDependency section */
		2F4EDAD5253E100000C5839C /* PBXTargetDependency */ = {
			isa = PBXTargetDependency;
			target = 2F4EDA88253C3BFC00C5839C /* big-pond */;
			targetProxy = 2F4EDAD4253E100000C5839C /* PBXContainerItemProxy */;
		};
/* End PBXTargetDependency section */

/* Begin PBXVariantGroup section */
		2F4EDA97253C3BFD00C5839C /* LaunchScreen.storyboard */ = {
			isa = PBXVariantGroup;
			children = (
				2F4EDA98253C3BFD00C5839C /* Base */,
			);
			name = LaunchScreen.storyboard;
			sourceTree = "<group>";
		};
/* End PBXVariantGroup section */

/* Begin XCBuildConfiguration section */
		2F4EDA9B253C3BFD00C5839C /* Debug */ = {
			isa = XCBuildConfiguration;
			buildSettings = {
				ALWAYS_SEARCH_USER_PATHS = NO;
				CLANG_ANALYZER_NONNULL = YES;
				CLANG_ANALYZER_NUMBER_OBJECT_CONVERSION = YES_AGGRESSIVE;
				CLANG_CXX_LANGUAGE_STANDARD = "gnu++14";
				CLANG_CXX_LIBRARY = "libc++";
				CLANG_ENABLE_MODULES = YES;
				CLANG_ENABLE_OBJC_ARC = YES;
				CLANG_ENABLE_OBJC_WEAK = YES;
				CLANG_WARN_BLOCK_CAPTURE_AUTORELEASING = YES;
				CLANG_WARN_BOOL_CONVERSION = YES;
				CLANG_WARN_COMMA = YES;
				CLANG_WARN_CONSTANT_CONVERSION = YES;
				CLANG_WARN_DEPRECATED_OBJC_IMPLEMENTATIONS = YES;
				CLANG_WARN_DIRECT_OBJC_ISA_USAGE = YES_ERROR;
				CLANG_WARN_DOCUMENTATION_COMMENTS = YES;
				CLANG_WARN_EMPTY_BODY = YES;
				CLANG_WARN_ENUM_CONVERSION = YES;
				CLANG_WARN_INFINITE_RECURSION = YES;
				CLANG_WARN_INT_CONVERSION = YES;
				CLANG_WARN_NON_LITERAL_NULL_CONVERSION = YES;
				CLANG_WARN_OBJC_IMPLICIT_RETAIN_SELF = YES;
				CLANG_WARN_OBJC_LITERAL_CONVERSION = YES;
				CLANG_WARN_OBJC_ROOT_CLASS = YES_ERROR;
				CLANG_WARN_QUOTED_INCLUDE_IN_FRAMEWORK_HEADER = YES;
				CLANG_WARN_RANGE_LOOP_ANALYSIS = YES;
				CLANG_WARN_STRICT_PROTOTYPES = YES;
				CLANG_WARN_SUSPICIOUS_MOVE = YES;
				CLANG_WARN_UNGUARDED_AVAILABILITY = YES_AGGRESSIVE;
				CLANG_WARN_UNREACHABLE_CODE = YES;
				CLANG_WARN__DUPLICATE_METHOD_MATCH = YES;
				COPY_PHASE_STRIP = NO;
				DEBUG_INFORMATION_FORMAT = dwarf;
				ENABLE_STRICT_OBJC_MSGSEND = YES;
				ENABLE_TESTABILITY = YES;
				GCC_C_LANGUAGE_STANDARD = gnu11;
				GCC_DYNAMIC_NO_PIC = NO;
				GCC_NO_COMMON_BLOCKS = YES;
				GCC_OPTIMIZATION_LEVEL = 0;
				GCC_PREPROCESSOR_DEFINITIONS = (
					"DEBUG=1",
					"$(inherited)",
				);
				GCC_WARN_64_TO_32_BIT_CONVERSION = YES;
				GCC_WARN_ABOUT_RETURN_TYPE = YES_ERROR;
				GCC_WARN_UNDECLARED_SELECTOR = YES;
				GCC_WARN_UNINITIALIZED_AUTOS = YES_AGGRESSIVE;
				GCC_WARN_UNUSED_FUNCTION = YES;
				GCC_WARN_UNUSED_VARIABLE = YES;
				IPHONEOS_DEPLOYMENT_TARGET = 10;
				MTL_ENABLE_DEBUG_INFO = INCLUDE_SOURCE;
				MTL_FAST_MATH = YES;
				ONLY_ACTIVE_ARCH = YES;
				SDKROOT = iphoneos;
				SWIFT_ACTIVE_COMPILATION_CONDITIONS = DEBUG;
				SWIFT_OPTIMIZATION_LEVEL = "-Onone";
			};
			name = Debug;
		};
		2F4EDA9C253C3BFD00C5839C /* Release */ = {
			isa = XCBuildConfiguration;
			buildSettings = {
				ALWAYS_SEARCH_USER_PATHS = NO;
				CLANG_ANALYZER_NONNULL = YES;
				CLANG_ANALYZER_NUMBER_OBJECT_CONVERSION = YES_AGGRESSIVE;
				CLANG_CXX_LANGUAGE_STANDARD = "gnu++14";
				CLANG_CXX_LIBRARY = "libc++";
				CLANG_ENABLE_MODULES = YES;
				CLANG_ENABLE_OBJC_ARC = YES;
				CLANG_ENABLE_OBJC_WEAK = YES;
				CLANG_WARN_BLOCK_CAPTURE_AUTORELEASING = YES;
				CLANG_WARN_BOOL_CONVERSION = YES;
				CLANG_WARN_COMMA = YES;
				CLANG_WARN_CONSTANT_CONVERSION = YES;
				CLANG_WARN_DEPRECATED_OBJC_IMPLEMENTATIONS = YES;
				CLANG_WARN_DIRECT_OBJC_ISA_USAGE = YES_ERROR;
				CLANG_WARN_DOCUMENTATION_COMMENTS = YES;
				CLANG_WARN_EMPTY_BODY = YES;
				CLANG_WARN_ENUM_CONVERSION = YES;
				CLANG_WARN_INFINITE_RECURSION = YES;
				CLANG_WARN_INT_CONVERSION = YES;
				CLANG_WARN_NON_LITERAL_NULL_CONVERSION = YES;
				CLANG_WARN_OBJC_IMPLICIT_RETAIN_SELF = YES;
				CLANG_WARN_OBJC_LITERAL_CONVERSION = YES;
				CLANG_WARN_OBJC_ROOT_CLASS = YES_ERROR;
				CLANG_WARN_QUOTED_INCLUDE_IN_FRAMEWORK_HEADER = YES;
				CLANG_WARN_RANGE_LOOP_ANALYSIS = YES;
				CLANG_WARN_STRICT_PROTOTYPES = YES;
				CLANG_WARN_SUSPICIOUS_MOVE = YES;
				CLANG_WARN_UNGUARDED_AVAILABILITY = YES_AGGRESSIVE;
				CLANG_WARN_UNREACHABLE_CODE = YES;
				CLANG_WARN__DUPLICATE_METHOD_MATCH = YES;
				COPY_PHASE_STRIP = NO;
				DEBUG_INFORMATION_FORMAT = "dwarf-with-dsym";
				ENABLE_NS_ASSERTIONS = NO;
				ENABLE_STRICT_OBJC_MSGSEND = YES;
				GCC_C_LANGUAGE_STANDARD = gnu11;
				GCC_NO_COMMON_BLOCKS = YES;
				GCC_WARN_64_TO_32_BIT_CONVERSION = YES;
				GCC_WARN_ABOUT_RETURN_TYPE = YES_ERROR;
				GCC_WARN_UNDECLARED_SELECTOR = YES;
				GCC_WARN_UNINITIALIZED_AUTOS = YES_AGGRESSIVE;
				GCC_WARN_UNUSED_FUNCTION = YES;
				GCC_WARN_UNUSED_VARIABLE = YES;
				IPHONEOS_DEPLOYMENT_TARGET = 10;
				MTL_ENABLE_DEBUG_INFO = NO;
				MTL_FAST_MATH = YES;
				SDKROOT = iphoneos;
				SWIFT_COMPILATION_MODE = wholemodule;
				SWIFT_OPTIMIZATION_LEVEL = "-O";
				VALIDATE_PRODUCT = YES;
			};
			name = Release;
		};
		2F4EDA9E253C3BFD00C5839C /* Debug */ = {
			isa = XCBuildConfiguration;
			baseConfigurationReference = 90B611E65723748F78D948D2 /* Pods-fishapp.debug.xcconfig */;
			buildSettings = {
				ASSETCATALOG_COMPILER_APPICON_NAME = AppIcon;
				ASSETCATALOG_COMPILER_GLOBAL_ACCENT_COLOR_NAME = AccentColor;
				CLANG_ENABLE_MODULES = YES;
				CODE_SIGN_IDENTITY = "Apple Development";
				CODE_SIGN_STYLE = Automatic;
				CURRENT_PROJECT_VERSION = 10;
				DEBUG_INFORMATION_FORMAT = "dwarf-with-dsym";
				DEVELOPMENT_TEAM = LQDASF64MT;
				INFOPLIST_FILE = fishapp/Resources/Info.plist;
				LD_RUNPATH_SEARCH_PATHS = (
					"$(inherited)",
					"@executable_path/Frameworks",
				);
				MARKETING_VERSION = 1.2;
				PRODUCT_BUNDLE_IDENTIFIER = dev.feuer.fish;
				PRODUCT_NAME = "$(TARGET_NAME)";
				PROVISIONING_PROFILE_SPECIFIER = "";
				SWIFT_OPTIMIZATION_LEVEL = "-Onone";
				SWIFT_VERSION = 5.0;
				TARGETED_DEVICE_FAMILY = 1;
			};
			name = Debug;
		};
		2F4EDA9F253C3BFD00C5839C /* Release */ = {
			isa = XCBuildConfiguration;
			baseConfigurationReference = 5C58029826E1B7AED9E038A0 /* Pods-fishapp.release.xcconfig */;
			buildSettings = {
				ASSETCATALOG_COMPILER_APPICON_NAME = AppIcon;
				ASSETCATALOG_COMPILER_GLOBAL_ACCENT_COLOR_NAME = AccentColor;
				CLANG_ENABLE_MODULES = YES;
				CODE_SIGN_IDENTITY = "Apple Development";
				CODE_SIGN_STYLE = Automatic;
				CURRENT_PROJECT_VERSION = 10;
				DEVELOPMENT_TEAM = LQDASF64MT;
				INFOPLIST_FILE = fishapp/Resources/Info.plist;
				LD_RUNPATH_SEARCH_PATHS = (
					"$(inherited)",
					"@executable_path/Frameworks",
				);
				MARKETING_VERSION = 1.2;
				PRODUCT_BUNDLE_IDENTIFIER = dev.feuer.fish;
				PRODUCT_NAME = "$(TARGET_NAME)";
				PROVISIONING_PROFILE_SPECIFIER = "";
				SWIFT_VERSION = 5.0;
				TARGETED_DEVICE_FAMILY = 1;
			};
			name = Release;
		};
		2F4EDAD7253E100000C5839C /* Debug */ = {
			isa = XCBuildConfiguration;
			baseConfigurationReference = CC87A5D5B1142BCB03060F7A /* Pods-fishappTests.debug.xcconfig */;
			buildSettings = {
				BUNDLE_LOADER = "$(TEST_HOST)";
				CODE_SIGN_STYLE = Automatic;
				DEVELOPMENT_TEAM = LQDASF64MT;
				INFOPLIST_FILE = fishappTests/Info.plist;
				LD_RUNPATH_SEARCH_PATHS = (
					"$(inherited)",
					"@executable_path/Frameworks",
					"@loader_path/Frameworks",
				);
				PRODUCT_BUNDLE_IDENTIFIER = dev.feuer.fishappTests;
				PRODUCT_NAME = "$(TARGET_NAME)";
				SWIFT_VERSION = 5.0;
				TARGETED_DEVICE_FAMILY = "1,2";
				TEST_HOST = "$(BUILT_PRODUCTS_DIR)/big-pond.app/big-pond";
			};
			name = Debug;
		};
		2F4EDAD8253E100000C5839C /* Release */ = {
			isa = XCBuildConfiguration;
			baseConfigurationReference = CB27854BCD4F23F6F1846F94 /* Pods-fishappTests.release.xcconfig */;
			buildSettings = {
				BUNDLE_LOADER = "$(TEST_HOST)";
				CODE_SIGN_STYLE = Automatic;
				DEVELOPMENT_TEAM = LQDASF64MT;
				INFOPLIST_FILE = fishappTests/Info.plist;
				LD_RUNPATH_SEARCH_PATHS = (
					"$(inherited)",
					"@executable_path/Frameworks",
					"@loader_path/Frameworks",
				);
				PRODUCT_BUNDLE_IDENTIFIER = dev.feuer.fishappTests;
				PRODUCT_NAME = "$(TARGET_NAME)";
				SWIFT_VERSION = 5.0;
				TARGETED_DEVICE_FAMILY = "1,2";
				TEST_HOST = "$(BUILT_PRODUCTS_DIR)/big-pond.app/big-pond";
			};
			name = Release;
		};
/* End XCBuildConfiguration section */

/* Begin XCConfigurationList section */
		2F4EDA84253C3BFC00C5839C /* Build configuration list for PBXProject "big-pond" */ = {
			isa = XCConfigurationList;
			buildConfigurations = (
				2F4EDA9B253C3BFD00C5839C /* Debug */,
				2F4EDA9C253C3BFD00C5839C /* Release */,
			);
			defaultConfigurationIsVisible = 0;
			defaultConfigurationName = Release;
		};
		2F4EDA9D253C3BFD00C5839C /* Build configuration list for PBXNativeTarget "big-pond" */ = {
			isa = XCConfigurationList;
			buildConfigurations = (
				2F4EDA9E253C3BFD00C5839C /* Debug */,
				2F4EDA9F253C3BFD00C5839C /* Release */,
			);
			defaultConfigurationIsVisible = 0;
			defaultConfigurationName = Release;
		};
		2F4EDAD6253E100000C5839C /* Build configuration list for PBXNativeTarget "big-pondTests" */ = {
			isa = XCConfigurationList;
			buildConfigurations = (
				2F4EDAD7253E100000C5839C /* Debug */,
				2F4EDAD8253E100000C5839C /* Release */,
			);
			defaultConfigurationIsVisible = 0;
			defaultConfigurationName = Release;
		};
/* End XCConfigurationList section */
	};
	rootObject = 2F4EDA81253C3BFC00C5839C /* Project object */;
}
